// !$*UTF8*$!
{
	archiveVersion = 1;
	classes = {
	};
	objectVersion = 46;
	objects = {

/* Begin PBXBuildFile section */
		B50E23B311D4C6AD00D62C41 /* dataitem.cpp in Sources */ = {isa = PBXBuildFile; fileRef = B55597860F8A0D3E003C3BE0 /* dataitem.cpp */; };
		B51648170CBB8285000995D5 /* libdl.dylib in Frameworks */ = {isa = PBXBuildFile; fileRef = B51648160CBB8285000995D5 /* libdl.dylib */; };
		B5207EBB0F5ECA30004F5C1B /* xmlrsrchandler.cpp in Sources */ = {isa = PBXBuildFile; fileRef = B5207EBA0F5ECA30004F5C1B /* xmlrsrchandler.cpp */; };
		B52556180C7DDB7700E3ADFC /* mapping.cpp in Sources */ = {isa = PBXBuildFile; fileRef = B52556170C7DDB7700E3ADFC /* mapping.cpp */; };
		B52D56D909BF72F800F639C5 /* function.cpp in Sources */ = {isa = PBXBuildFile; fileRef = B52D56D809BF72F800F639C5 /* function.cpp */; };
		B52DB5060CBB9A5E00D5B5D0 /* servicefactory.cpp in Sources */ = {isa = PBXBuildFile; fileRef = B52DB5050CBB9A5E00D5B5D0 /* servicefactory.cpp */; };
		B5350FA1134DBE3F00801466 /* ustritem.cpp in Sources */ = {isa = PBXBuildFile; fileRef = B5350F9F134DBE3E00801466 /* ustritem.cpp */; };
		B5350FA2134DBE3F00801466 /* ustritem.cpp in Sources */ = {isa = PBXBuildFile; fileRef = B5350F9F134DBE3E00801466 /* ustritem.cpp */; };
		B53AE9BE0C1DE1CA00B2371C /* httpfetch.cpp in Sources */ = {isa = PBXBuildFile; fileRef = B53AE9B50C1DE1CA00B2371C /* httpfetch.cpp */; };
		B53AE9BF0C1DE1CA00B2371C /* httpfetcher.cpp in Sources */ = {isa = PBXBuildFile; fileRef = B53AE9B70C1DE1CA00B2371C /* httpfetcher.cpp */; };
		B53AE9C00C1DE1CA00B2371C /* httpfetchheadparser.cpp in Sources */ = {isa = PBXBuildFile; fileRef = B53AE9BA0C1DE1CA00B2371C /* httpfetchheadparser.cpp */; };
		B53AE9C10C1DE1CA00B2371C /* httpfetchleaf.cpp in Sources */ = {isa = PBXBuildFile; fileRef = B53AE9BC0C1DE1CA00B2371C /* httpfetchleaf.cpp */; };
		B53B010311F524D600C1D7E3 /* crypto.cpp in Sources */ = {isa = PBXBuildFile; fileRef = B53B010111F524D600C1D7E3 /* crypto.cpp */; };
		B53B010411F524D600C1D7E3 /* crypto.cpp in Sources */ = {isa = PBXBuildFile; fileRef = B53B010111F524D600C1D7E3 /* crypto.cpp */; };
		B541F1E911941E1E0099F07C /* main.cpp in Sources */ = {isa = PBXBuildFile; fileRef = B5E31FE609BC584A00F7FC96 /* main.cpp */; };
		B541F1EA11941E1E0099F07C /* httphead.cpp in Sources */ = {isa = PBXBuildFile; fileRef = B55C29B609A4AB9D00714977 /* httphead.cpp */; };
		B541F1EB11941E1E0099F07C /* environment.cpp in Sources */ = {isa = PBXBuildFile; fileRef = B55C287409A4903700714977 /* environment.cpp */; };
		B541F1EC11941E1E0099F07C /* clilogger.cpp in Sources */ = {isa = PBXBuildFile; fileRef = B50F509C09939223002FC561 /* clilogger.cpp */; };
		B541F1ED11941E1E0099F07C /* httplogger.cpp in Sources */ = {isa = PBXBuildFile; fileRef = B50F509E09939223002FC561 /* httplogger.cpp */; };
		B541F1EE11941E1E0099F07C /* logger.cpp in Sources */ = {isa = PBXBuildFile; fileRef = B50F50A009939223002FC561 /* logger.cpp */; };
		B541F1EF11941E1E0099F07C /* date.cpp in Sources */ = {isa = PBXBuildFile; fileRef = B509B96D098E4D180001B5AD /* date.cpp */; };
		B541F1F011941E1E0099F07C /* device.cpp in Sources */ = {isa = PBXBuildFile; fileRef = B509B976098E4D180001B5AD /* device.cpp */; };
		B541F1F111941E1E0099F07C /* file.cpp in Sources */ = {isa = PBXBuildFile; fileRef = B509B97A098E4D180001B5AD /* file.cpp */; };
		B541F1F211941E1E0099F07C /* path.cpp in Sources */ = {isa = PBXBuildFile; fileRef = B509B97D098E4D180001B5AD /* path.cpp */; };
		B541F1F311941E1E0099F07C /* utils.cpp in Sources */ = {isa = PBXBuildFile; fileRef = B509B97F098E4D180001B5AD /* utils.cpp */; };
		B541F1F411941E1E0099F07C /* comparison.cpp in Sources */ = {isa = PBXBuildFile; fileRef = B509B982098E4D180001B5AD /* comparison.cpp */; };
		B541F1F511941E1E0099F07C /* convert.cpp in Sources */ = {isa = PBXBuildFile; fileRef = B509B984098E4D180001B5AD /* convert.cpp */; };
		B541F1F611941E1E0099F07C /* fandr.cpp in Sources */ = {isa = PBXBuildFile; fileRef = B509B989098E4D180001B5AD /* fandr.cpp */; };
		B541F1F711941E1E0099F07C /* translate.cpp in Sources */ = {isa = PBXBuildFile; fileRef = B5072EB9099CA123002F675A /* translate.cpp */; };
		B541F1F811941E1E0099F07C /* query.cpp in Sources */ = {isa = PBXBuildFile; fileRef = B509B9A3098E4D180001B5AD /* query.cpp */; };
		B541F1F911941E1E0099F07C /* filer.cpp in Sources */ = {isa = PBXBuildFile; fileRef = B5E320D109BC666A00F7FC96 /* filer.cpp */; };
		B541F1FA11941E1E0099F07C /* xmlerrhandler.cpp in Sources */ = {isa = PBXBuildFile; fileRef = B5E3219C09BC6D0100F7FC96 /* xmlerrhandler.cpp */; };
		B541F1FB11941E1E0099F07C /* xmlparser.cpp in Sources */ = {isa = PBXBuildFile; fileRef = B5E3219E09BC6D0100F7FC96 /* xmlparser.cpp */; };
		B541F1FC11941E1E0099F07C /* iteration.cpp in Sources */ = {isa = PBXBuildFile; fileRef = B5E3243D09BC96C900F7FC96 /* iteration.cpp */; };
		B541F1FD11941E1E0099F07C /* document.cpp in Sources */ = {isa = PBXBuildFile; fileRef = B5CB066009BE09DB0014329C /* document.cpp */; };
		B541F1FE11941E1E0099F07C /* function.cpp in Sources */ = {isa = PBXBuildFile; fileRef = B52D56D809BF72F800F639C5 /* function.cpp */; };
		B541F1FF11941E1E0099F07C /* pairqueue.cpp in Sources */ = {isa = PBXBuildFile; fileRef = B5A68E9109CF266B00D69316 /* pairqueue.cpp */; };
		B541F20011941E1E0099F07C /* IInfImageBase.cpp in Sources */ = {isa = PBXBuildFile; fileRef = B5F0C0400A4C3B0A00CC363D /* IInfImageBase.cpp */; };
		B541F20111941E1E0099F07C /* IInfImageTypes.cpp in Sources */ = {isa = PBXBuildFile; fileRef = B5F0C0420A4C3B0A00CC363D /* IInfImageTypes.cpp */; };
		B541F20211941E1E0099F07C /* IInfInfo.cpp in Sources */ = {isa = PBXBuildFile; fileRef = B5F0C0440A4C3B0A00CC363D /* IInfInfo.cpp */; };
		B541F20311941E1E0099F07C /* IInfNetworkGraphics.cpp in Sources */ = {isa = PBXBuildFile; fileRef = B5F0C0460A4C3B0A00CC363D /* IInfNetworkGraphics.cpp */; };
		B541F20411941E1E0099F07C /* IInfReader.cpp in Sources */ = {isa = PBXBuildFile; fileRef = B5F0C0480A4C3B0A00CC363D /* IInfReader.cpp */; };
		B541F20511941E1E0099F07C /* inputtype.cpp in Sources */ = {isa = PBXBuildFile; fileRef = B56170030AD129C80032F167 /* inputtype.cpp */; };
		B541F20611941E1E0099F07C /* output.cpp in Sources */ = {isa = PBXBuildFile; fileRef = B56170620AD12C9D0032F167 /* output.cpp */; };
		B541F20711941E1E0099F07C /* instruction.cpp in Sources */ = {isa = PBXBuildFile; fileRef = B56171830AD134C00032F167 /* instruction.cpp */; };
		B541F20811941E1E0099F07C /* comparison.cpp in Sources */ = {isa = PBXBuildFile; fileRef = B56171DE0AD13B430032F167 /* comparison.cpp */; };
		B541F20911941E1E0099F07C /* httpfetch.cpp in Sources */ = {isa = PBXBuildFile; fileRef = B53AE9B50C1DE1CA00B2371C /* httpfetch.cpp */; };
		B541F20A11941E1E0099F07C /* httpfetcher.cpp in Sources */ = {isa = PBXBuildFile; fileRef = B53AE9B70C1DE1CA00B2371C /* httpfetcher.cpp */; };
		B541F20B11941E1E0099F07C /* httpfetchheadparser.cpp in Sources */ = {isa = PBXBuildFile; fileRef = B53AE9BA0C1DE1CA00B2371C /* httpfetchheadparser.cpp */; };
		B541F20C11941E1E0099F07C /* httpfetchleaf.cpp in Sources */ = {isa = PBXBuildFile; fileRef = B53AE9BC0C1DE1CA00B2371C /* httpfetchleaf.cpp */; };
		B541F20D11941E1E0099F07C /* mapping.cpp in Sources */ = {isa = PBXBuildFile; fileRef = B52556170C7DDB7700E3ADFC /* mapping.cpp */; };
		B541F20E11941E1E0099F07C /* osiapp.cpp in Sources */ = {isa = PBXBuildFile; fileRef = B5D74F1B0CA0433E00D37970 /* osiapp.cpp */; };
		B541F20F11941E1E0099F07C /* servicefactory.cpp in Sources */ = {isa = PBXBuildFile; fileRef = B52DB5050CBB9A5E00D5B5D0 /* servicefactory.cpp */; };
		B541F21011941E1E0099F07C /* regex.cpp in Sources */ = {isa = PBXBuildFile; fileRef = B58852A10CC39E1B009D0279 /* regex.cpp */; };
		B541F21111941E1E0099F07C /* connection.cpp in Sources */ = {isa = PBXBuildFile; fileRef = B568C2FB0CC63C1600B1EBFF /* connection.cpp */; };
		B541F21211941E1E0099F07C /* iko.cpp in Sources */ = {isa = PBXBuildFile; fileRef = B5DA48C00CFC48BE0060FFB1 /* iko.cpp */; };
		B541F21311941E1E0099F07C /* obyxelement.cpp in Sources */ = {isa = PBXBuildFile; fileRef = B5CB068609BE0CBF0014329C /* obyxelement.cpp */; };
		B541F21411941E1E0099F07C /* chars.cpp in Sources */ = {isa = PBXBuildFile; fileRef = B54EE14F0E3501860044DFA3 /* chars.cpp */; };
		B541F21511941E1E0099F07C /* xmlrsrchandler.cpp in Sources */ = {isa = PBXBuildFile; fileRef = B5207EBA0F5ECA30004F5C1B /* xmlrsrchandler.cpp */; };
		B541F21611941E1E0099F07C /* manager.cpp in Sources */ = {isa = PBXBuildFile; fileRef = B555972D0F8A0504003C3BE0 /* manager.cpp */; };
		B541F21711941E1E0099F07C /* dataitem.cpp in Sources */ = {isa = PBXBuildFile; fileRef = B55597860F8A0D3E003C3BE0 /* dataitem.cpp */; };
		B541F21811941E1E0099F07C /* strobject.cpp in Sources */ = {isa = PBXBuildFile; fileRef = B55597880F8A0D3E003C3BE0 /* strobject.cpp */; };
		B541F21911941E1E0099F07C /* xmlobject.cpp in Sources */ = {isa = PBXBuildFile; fileRef = B555978A0F8A0D3E003C3BE0 /* xmlobject.cpp */; };
		B541F21A11941E1E0099F07C /* itemstore.cpp in Sources */ = {isa = PBXBuildFile; fileRef = B56234A00FEFC9A400CF092E /* itemstore.cpp */; };
		B541F21B11941E1E0099F07C /* mysqlconnection.cpp in Sources */ = {isa = PBXBuildFile; fileRef = B54933FC105A697D00CE818F /* mysqlconnection.cpp */; };
		B541F21C11941E1E0099F07C /* mysqlquery.cpp in Sources */ = {isa = PBXBuildFile; fileRef = B54933FE105A697D00CE818F /* mysqlquery.cpp */; };
		B541F21D11941E1E0099F07C /* mysqlservice.cpp in Sources */ = {isa = PBXBuildFile; fileRef = B5493400105A697D00CE818F /* mysqlservice.cpp */; };
		B541F21E11941E1E0099F07C /* postgresqlservice.cpp in Sources */ = {isa = PBXBuildFile; fileRef = B549341C105A6B7100CE818F /* postgresqlservice.cpp */; };
		B541F21F11941E1E0099F07C /* postgresqlconnection.cpp in Sources */ = {isa = PBXBuildFile; fileRef = B5493421105A6B8500CE818F /* postgresqlconnection.cpp */; };
		B541F22011941E1E0099F07C /* postgresqlquery.cpp in Sources */ = {isa = PBXBuildFile; fileRef = B5493426105A6B9500CE818F /* postgresqlquery.cpp */; };
		B541F22111941E1E0099F07C /* osimessage.cpp in Sources */ = {isa = PBXBuildFile; fileRef = B546CACC10DA3E6300BC151A /* osimessage.cpp */; };
		B541F22211941E1E0099F07C /* fragmentobject.cpp in Sources */ = {isa = PBXBuildFile; fileRef = B58DA8C11104B05E00C34661 /* fragmentobject.cpp */; };
		B541F22411941E1E0099F07C /* libdl.dylib in Frameworks */ = {isa = PBXBuildFile; fileRef = B51648160CBB8285000995D5 /* libdl.dylib */; };
		B541F22511941E1E0099F07C /* libxqilla.dylib in Frameworks */ = {isa = PBXBuildFile; fileRef = B599F9230F583DEA00AD3D2C /* libxqilla.dylib */; };
		B541F23A11941EC30099F07C /* libfcgi.dylib in Frameworks */ = {isa = PBXBuildFile; fileRef = B541F23811941EC30099F07C /* libfcgi.dylib */; };
		B541F23B11941EC30099F07C /* libfcgi++.dylib in Frameworks */ = {isa = PBXBuildFile; fileRef = B541F23911941EC30099F07C /* libfcgi++.dylib */; };
		B541F23E11941ECB0099F07C /* fast.cpp in Sources */ = {isa = PBXBuildFile; fileRef = B541F1D4119414330099F07C /* fast.cpp */; };
		B546CACD10DA3E6300BC151A /* osimessage.cpp in Sources */ = {isa = PBXBuildFile; fileRef = B546CACC10DA3E6300BC151A /* osimessage.cpp */; };
		B5493402105A697D00CE818F /* mysqlconnection.cpp in Sources */ = {isa = PBXBuildFile; fileRef = B54933FC105A697D00CE818F /* mysqlconnection.cpp */; };
		B5493403105A697D00CE818F /* mysqlquery.cpp in Sources */ = {isa = PBXBuildFile; fileRef = B54933FE105A697D00CE818F /* mysqlquery.cpp */; };
		B5493404105A697D00CE818F /* mysqlservice.cpp in Sources */ = {isa = PBXBuildFile; fileRef = B5493400105A697D00CE818F /* mysqlservice.cpp */; };
		B549341D105A6B7100CE818F /* postgresqlservice.cpp in Sources */ = {isa = PBXBuildFile; fileRef = B549341C105A6B7100CE818F /* postgresqlservice.cpp */; };
		B5493422105A6B8500CE818F /* postgresqlconnection.cpp in Sources */ = {isa = PBXBuildFile; fileRef = B5493421105A6B8500CE818F /* postgresqlconnection.cpp */; };
		B5493427105A6B9500CE818F /* postgresqlquery.cpp in Sources */ = {isa = PBXBuildFile; fileRef = B5493426105A6B9500CE818F /* postgresqlquery.cpp */; };
		B54EE1500E3501860044DFA3 /* chars.cpp in Sources */ = {isa = PBXBuildFile; fileRef = B54EE14F0E3501860044DFA3 /* chars.cpp */; };
		B555972F0F8A0504003C3BE0 /* manager.cpp in Sources */ = {isa = PBXBuildFile; fileRef = B555972D0F8A0504003C3BE0 /* manager.cpp */; };
		B555978D0F8A0D3E003C3BE0 /* strobject.cpp in Sources */ = {isa = PBXBuildFile; fileRef = B55597880F8A0D3E003C3BE0 /* strobject.cpp */; };
		B555978E0F8A0D3E003C3BE0 /* xmlobject.cpp in Sources */ = {isa = PBXBuildFile; fileRef = B555978A0F8A0D3E003C3BE0 /* xmlobject.cpp */; };
		B56170040AD129C80032F167 /* inputtype.cpp in Sources */ = {isa = PBXBuildFile; fileRef = B56170030AD129C80032F167 /* inputtype.cpp */; };
		B56170630AD12C9D0032F167 /* output.cpp in Sources */ = {isa = PBXBuildFile; fileRef = B56170620AD12C9D0032F167 /* output.cpp */; };
		B56171840AD134C00032F167 /* instruction.cpp in Sources */ = {isa = PBXBuildFile; fileRef = B56171830AD134C00032F167 /* instruction.cpp */; };
		B56171DF0AD13B430032F167 /* comparison.cpp in Sources */ = {isa = PBXBuildFile; fileRef = B56171DE0AD13B430032F167 /* comparison.cpp */; };
		B56234A10FEFC9A400CF092E /* itemstore.cpp in Sources */ = {isa = PBXBuildFile; fileRef = B56234A00FEFC9A400CF092E /* itemstore.cpp */; };
		B568C3030CC63C1600B1EBFF /* connection.cpp in Sources */ = {isa = PBXBuildFile; fileRef = B568C2FB0CC63C1600B1EBFF /* connection.cpp */; };
		B56A57021265F924001C4299 /* infix.cpp in Sources */ = {isa = PBXBuildFile; fileRef = B56A57011265F924001C4299 /* infix.cpp */; };
		B56A57031265F924001C4299 /* infix.cpp in Sources */ = {isa = PBXBuildFile; fileRef = B56A57011265F924001C4299 /* infix.cpp */; };
		B5741877119436A80046BE0B /* httplogger.cpp in Sources */ = {isa = PBXBuildFile; fileRef = B50F509E09939223002FC561 /* httplogger.cpp */; };
		B5741878119436AA0046BE0B /* clilogger.cpp in Sources */ = {isa = PBXBuildFile; fileRef = B50F509C09939223002FC561 /* clilogger.cpp */; };
		B5798122124282DA004752BE /* libxqilla.dylib in Frameworks */ = {isa = PBXBuildFile; fileRef = B599F9230F583DEA00AD3D2C /* libxqilla.dylib */; };
		B57DFC7D13559D8F00122195 /* rawitem.cpp in Sources */ = {isa = PBXBuildFile; fileRef = B57DFC7B13559D8F00122195 /* rawitem.cpp */; };
		B57DFC7E13559D8F00122195 /* rawitem.cpp in Sources */ = {isa = PBXBuildFile; fileRef = B57DFC7B13559D8F00122195 /* rawitem.cpp */; };
		B58852A60CC39E1B009D0279 /* regex.cpp in Sources */ = {isa = PBXBuildFile; fileRef = B58852A10CC39E1B009D0279 /* regex.cpp */; };
		B58DA8C21104B05E00C34661 /* fragmentobject.cpp in Sources */ = {isa = PBXBuildFile; fileRef = B58DA8C11104B05E00C34661 /* fragmentobject.cpp */; };
		B5A68E9209CF266B00D69316 /* pairqueue.cpp in Sources */ = {isa = PBXBuildFile; fileRef = B5A68E9109CF266B00D69316 /* pairqueue.cpp */; };
		B5CA58FC11B66946001A56D4 /* libxerces-c-3.1.dylib in Frameworks */ = {isa = PBXBuildFile; fileRef = B5CA58FB11B66946001A56D4 /* libxerces-c-3.1.dylib */; };
		B5CA58FD11B66946001A56D4 /* libxerces-c-3.1.dylib in Frameworks */ = {isa = PBXBuildFile; fileRef = B5CA58FB11B66946001A56D4 /* libxerces-c-3.1.dylib */; };
		B5CB066109BE09DB0014329C /* document.cpp in Sources */ = {isa = PBXBuildFile; fileRef = B5CB066009BE09DB0014329C /* document.cpp */; };
		B5D74F1C0CA0433E00D37970 /* osiapp.cpp in Sources */ = {isa = PBXBuildFile; fileRef = B5D74F1B0CA0433E00D37970 /* osiapp.cpp */; };
		B5DA48C10CFC48BE0060FFB1 /* iko.cpp in Sources */ = {isa = PBXBuildFile; fileRef = B5DA48C00CFC48BE0060FFB1 /* iko.cpp */; };
		B5E18D350D7C3B2200888B5C /* obyxelement.cpp in Sources */ = {isa = PBXBuildFile; fileRef = B5CB068609BE0CBF0014329C /* obyxelement.cpp */; };
		B5E3209A09BC599B00F7FC96 /* main.cpp in Sources */ = {isa = PBXBuildFile; fileRef = B5E31FE609BC584A00F7FC96 /* main.cpp */; };
		B5E3209B09BC59B700F7FC96 /* httphead.cpp in Sources */ = {isa = PBXBuildFile; fileRef = B55C29B609A4AB9D00714977 /* httphead.cpp */; };
		B5E3209C09BC59B800F7FC96 /* environment.cpp in Sources */ = {isa = PBXBuildFile; fileRef = B55C287409A4903700714977 /* environment.cpp */; };
		B5E320A009BC59BD00F7FC96 /* logger.cpp in Sources */ = {isa = PBXBuildFile; fileRef = B50F50A009939223002FC561 /* logger.cpp */; };
		B5E320A109BC59C100F7FC96 /* date.cpp in Sources */ = {isa = PBXBuildFile; fileRef = B509B96D098E4D180001B5AD /* date.cpp */; };
		B5E320A209BC59C400F7FC96 /* device.cpp in Sources */ = {isa = PBXBuildFile; fileRef = B509B976098E4D180001B5AD /* device.cpp */; };
		B5E320A409BC59C500F7FC96 /* file.cpp in Sources */ = {isa = PBXBuildFile; fileRef = B509B97A098E4D180001B5AD /* file.cpp */; };
		B5E320A509BC59C500F7FC96 /* path.cpp in Sources */ = {isa = PBXBuildFile; fileRef = B509B97D098E4D180001B5AD /* path.cpp */; };
		B5E320A609BC59C600F7FC96 /* utils.cpp in Sources */ = {isa = PBXBuildFile; fileRef = B509B97F098E4D180001B5AD /* utils.cpp */; };
		B5E320A709BC59C900F7FC96 /* comparison.cpp in Sources */ = {isa = PBXBuildFile; fileRef = B509B982098E4D180001B5AD /* comparison.cpp */; };
		B5E320A809BC59CA00F7FC96 /* convert.cpp in Sources */ = {isa = PBXBuildFile; fileRef = B509B984098E4D180001B5AD /* convert.cpp */; };
		B5E320A909BC59CA00F7FC96 /* fandr.cpp in Sources */ = {isa = PBXBuildFile; fileRef = B509B989098E4D180001B5AD /* fandr.cpp */; };
		B5E320AA09BC59CB00F7FC96 /* translate.cpp in Sources */ = {isa = PBXBuildFile; fileRef = B5072EB9099CA123002F675A /* translate.cpp */; };
		B5E320B009BC59D000F7FC96 /* query.cpp in Sources */ = {isa = PBXBuildFile; fileRef = B509B9A3098E4D180001B5AD /* query.cpp */; };
		B5E320F009BC68FF00F7FC96 /* filer.cpp in Sources */ = {isa = PBXBuildFile; fileRef = B5E320D109BC666A00F7FC96 /* filer.cpp */; };
		B5E321D609BC6D0100F7FC96 /* xmlerrhandler.cpp in Sources */ = {isa = PBXBuildFile; fileRef = B5E3219C09BC6D0100F7FC96 /* xmlerrhandler.cpp */; };
		B5E321D709BC6D0100F7FC96 /* xmlparser.cpp in Sources */ = {isa = PBXBuildFile; fileRef = B5E3219E09BC6D0100F7FC96 /* xmlparser.cpp */; };
		B5E3243E09BC96C900F7FC96 /* iteration.cpp in Sources */ = {isa = PBXBuildFile; fileRef = B5E3243D09BC96C900F7FC96 /* iteration.cpp */; };
		B5F0C04A0A4C3B0A00CC363D /* IInfImageBase.cpp in Sources */ = {isa = PBXBuildFile; fileRef = B5F0C0400A4C3B0A00CC363D /* IInfImageBase.cpp */; };
		B5F0C04B0A4C3B0A00CC363D /* IInfImageTypes.cpp in Sources */ = {isa = PBXBuildFile; fileRef = B5F0C0420A4C3B0A00CC363D /* IInfImageTypes.cpp */; };
		B5F0C04C0A4C3B0A00CC363D /* IInfInfo.cpp in Sources */ = {isa = PBXBuildFile; fileRef = B5F0C0440A4C3B0A00CC363D /* IInfInfo.cpp */; };
		B5F0C04D0A4C3B0A00CC363D /* IInfNetworkGraphics.cpp in Sources */ = {isa = PBXBuildFile; fileRef = B5F0C0460A4C3B0A00CC363D /* IInfNetworkGraphics.cpp */; };
		B5F0C04E0A4C3B0A00CC363D /* IInfReader.cpp in Sources */ = {isa = PBXBuildFile; fileRef = B5F0C0480A4C3B0A00CC363D /* IInfReader.cpp */; };
		B5F79CB31268876B008CBD64 /* bitwise.cpp in Sources */ = {isa = PBXBuildFile; fileRef = B5F79CB21268876B008CBD64 /* bitwise.cpp */; };
		B5F79CB41268876B008CBD64 /* bitwise.cpp in Sources */ = {isa = PBXBuildFile; fileRef = B5F79CB21268876B008CBD64 /* bitwise.cpp */; };
/* End PBXBuildFile section */

/* Begin PBXFileReference section */
		B5072EB8099CA123002F675A /* translate.h */ = {isa = PBXFileReference; fileEncoding = 4; lastKnownFileType = sourcecode.c.h; path = translate.h; sourceTree = "<group>"; };
		B5072EB9099CA123002F675A /* translate.cpp */ = {isa = PBXFileReference; fileEncoding = 4; lastKnownFileType = sourcecode.cpp.cpp; path = translate.cpp; sourceTree = "<group>"; };
		B5072F07099CA2E1002F675A /* strings.h */ = {isa = PBXFileReference; fileEncoding = 4; lastKnownFileType = sourcecode.c.h; path = strings.h; sourceTree = "<group>"; };
		B509B96D098E4D180001B5AD /* date.cpp */ = {isa = PBXFileReference; fileEncoding = 4; lastKnownFileType = sourcecode.cpp.cpp; path = date.cpp; sourceTree = "<group>"; };
		B509B96E098E4D180001B5AD /* date.h */ = {isa = PBXFileReference; fileEncoding = 4; lastKnownFileType = sourcecode.c.h; path = date.h; sourceTree = "<group>"; };
		B509B976098E4D180001B5AD /* device.cpp */ = {isa = PBXFileReference; fileEncoding = 4; lastKnownFileType = sourcecode.cpp.cpp; path = device.cpp; sourceTree = "<group>"; };
		B509B977098E4D180001B5AD /* device.h */ = {isa = PBXFileReference; fileEncoding = 4; lastKnownFileType = sourcecode.c.h; path = device.h; sourceTree = "<group>"; };
		B509B97A098E4D180001B5AD /* file.cpp */ = {isa = PBXFileReference; fileEncoding = 4; lastKnownFileType = sourcecode.cpp.cpp; path = file.cpp; sourceTree = "<group>"; };
		B509B97B098E4D180001B5AD /* file.h */ = {isa = PBXFileReference; fileEncoding = 4; lastKnownFileType = sourcecode.c.h; path = file.h; sourceTree = "<group>"; };
		B509B97C098E4D180001B5AD /* filing.h */ = {isa = PBXFileReference; fileEncoding = 4; lastKnownFileType = sourcecode.c.h; path = filing.h; sourceTree = "<group>"; };
		B509B97D098E4D180001B5AD /* path.cpp */ = {isa = PBXFileReference; fileEncoding = 4; lastKnownFileType = sourcecode.cpp.cpp; path = path.cpp; sourceTree = "<group>"; };
		B509B97E098E4D180001B5AD /* path.h */ = {isa = PBXFileReference; fileEncoding = 4; lastKnownFileType = sourcecode.c.h; path = path.h; sourceTree = "<group>"; };
		B509B97F098E4D180001B5AD /* utils.cpp */ = {isa = PBXFileReference; fileEncoding = 4; lastKnownFileType = sourcecode.cpp.cpp; path = utils.cpp; sourceTree = "<group>"; };
		B509B980098E4D180001B5AD /* utils.h */ = {isa = PBXFileReference; fileEncoding = 4; lastKnownFileType = sourcecode.c.h; path = utils.h; sourceTree = "<group>"; };
		B509B982098E4D180001B5AD /* comparison.cpp */ = {isa = PBXFileReference; fileEncoding = 4; lastKnownFileType = sourcecode.cpp.cpp; path = comparison.cpp; sourceTree = "<group>"; };
		B509B983098E4D180001B5AD /* comparison.h */ = {isa = PBXFileReference; fileEncoding = 4; lastKnownFileType = sourcecode.c.h; path = comparison.h; sourceTree = "<group>"; };
		B509B984098E4D180001B5AD /* convert.cpp */ = {isa = PBXFileReference; fileEncoding = 4; lastKnownFileType = sourcecode.cpp.cpp; path = convert.cpp; sourceTree = "<group>"; };
		B509B985098E4D180001B5AD /* convert.h */ = {isa = PBXFileReference; fileEncoding = 4; lastKnownFileType = sourcecode.c.h; path = convert.h; sourceTree = "<group>"; };
		B509B989098E4D180001B5AD /* fandr.cpp */ = {isa = PBXFileReference; fileEncoding = 4; lastKnownFileType = sourcecode.cpp.cpp; path = fandr.cpp; sourceTree = "<group>"; };
		B509B98A098E4D180001B5AD /* fandr.h */ = {isa = PBXFileReference; fileEncoding = 4; lastKnownFileType = sourcecode.c.h; path = fandr.h; sourceTree = "<group>"; };
		B509B996098E4D180001B5AD /* connection.h */ = {isa = PBXFileReference; fileEncoding = 4; lastKnownFileType = sourcecode.c.h; path = connection.h; sourceTree = "<group>"; };
		B509B9A3098E4D180001B5AD /* query.cpp */ = {isa = PBXFileReference; fileEncoding = 4; lastKnownFileType = sourcecode.cpp.cpp; path = query.cpp; sourceTree = "<group>"; };
		B509B9A4098E4D180001B5AD /* query.h */ = {isa = PBXFileReference; fileEncoding = 4; lastKnownFileType = sourcecode.c.h; path = query.h; sourceTree = "<group>"; };
		B509B9A5098E4D180001B5AD /* vdb.h */ = {isa = PBXFileReference; fileEncoding = 4; lastKnownFileType = sourcecode.c.h; path = vdb.h; sourceTree = "<group>"; };
		B50F2E9E0990ED6D00A5E408 /* Makefile */ = {isa = PBXFileReference; fileEncoding = 4; lastKnownFileType = sourcecode.make; lineEnding = 0; path = Makefile; sourceTree = "<group>"; };
		B50F509C09939223002FC561 /* clilogger.cpp */ = {isa = PBXFileReference; fileEncoding = 4; lastKnownFileType = sourcecode.cpp.cpp; path = clilogger.cpp; sourceTree = "<group>"; };
		B50F509D09939223002FC561 /* clilogger.h */ = {isa = PBXFileReference; fileEncoding = 4; lastKnownFileType = sourcecode.c.h; path = clilogger.h; sourceTree = "<group>"; };
		B50F509E09939223002FC561 /* httplogger.cpp */ = {isa = PBXFileReference; fileEncoding = 4; lastKnownFileType = sourcecode.cpp.cpp; path = httplogger.cpp; sourceTree = "<group>"; };
		B50F509F09939223002FC561 /* httplogger.h */ = {isa = PBXFileReference; fileEncoding = 4; lastKnownFileType = sourcecode.c.h; path = httplogger.h; sourceTree = "<group>"; };
		B50F50A009939223002FC561 /* logger.cpp */ = {isa = PBXFileReference; fileEncoding = 4; lastKnownFileType = sourcecode.cpp.cpp; path = logger.cpp; sourceTree = "<group>"; };
		B50F50A109939223002FC561 /* logger.h */ = {isa = PBXFileReference; fileEncoding = 4; lastKnownFileType = sourcecode.c.h; path = logger.h; sourceTree = "<group>"; };
		B51648160CBB8285000995D5 /* libdl.dylib */ = {isa = PBXFileReference; lastKnownFileType = "compiled.mach-o.dylib"; name = libdl.dylib; path = /usr/lib/libdl.dylib; sourceTree = "<absolute>"; };
		B5207EB90F5ECA30004F5C1B /* xmlrsrchandler.h */ = {isa = PBXFileReference; fileEncoding = 4; lastKnownFileType = sourcecode.c.h; path = xmlrsrchandler.h; sourceTree = "<group>"; };
		B5207EBA0F5ECA30004F5C1B /* xmlrsrchandler.cpp */ = {isa = PBXFileReference; fileEncoding = 4; lastKnownFileType = sourcecode.cpp.cpp; path = xmlrsrchandler.cpp; sourceTree = "<group>"; };
		B52556160C7DDB7700E3ADFC /* mapping.h */ = {isa = PBXFileReference; fileEncoding = 4; lastKnownFileType = sourcecode.c.h; path = mapping.h; sourceTree = "<group>"; };
		B52556170C7DDB7700E3ADFC /* mapping.cpp */ = {isa = PBXFileReference; fileEncoding = 4; lastKnownFileType = sourcecode.cpp.cpp; path = mapping.cpp; sourceTree = "<group>"; };
		B52D56D709BF72F800F639C5 /* function.h */ = {isa = PBXFileReference; fileEncoding = 4; lastKnownFileType = sourcecode.c.h; path = function.h; sourceTree = "<group>"; };
		B52D56D809BF72F800F639C5 /* function.cpp */ = {isa = PBXFileReference; fileEncoding = 4; lastKnownFileType = sourcecode.cpp.cpp; path = function.cpp; sourceTree = "<group>"; };
		B52DB5040CBB9A5E00D5B5D0 /* servicefactory.h */ = {isa = PBXFileReference; fileEncoding = 4; lastKnownFileType = sourcecode.c.h; path = servicefactory.h; sourceTree = "<group>"; };
		B52DB5050CBB9A5E00D5B5D0 /* servicefactory.cpp */ = {isa = PBXFileReference; fileEncoding = 4; lastKnownFileType = sourcecode.cpp.cpp; path = servicefactory.cpp; sourceTree = "<group>"; };
		B52DB5160CBB9A9D00D5B5D0 /* service.h */ = {isa = PBXFileReference; fileEncoding = 4; lastKnownFileType = sourcecode.c.h; path = service.h; sourceTree = "<group>"; };
		B5350F9F134DBE3E00801466 /* ustritem.cpp */ = {isa = PBXFileReference; fileEncoding = 4; lastKnownFileType = sourcecode.cpp.cpp; path = ustritem.cpp; sourceTree = "<group>"; };
		B5350FA0134DBE3F00801466 /* ustritem.h */ = {isa = PBXFileReference; fileEncoding = 4; lastKnownFileType = sourcecode.c.h; path = ustritem.h; sourceTree = "<group>"; };
		B53AE9B50C1DE1CA00B2371C /* httpfetch.cpp */ = {isa = PBXFileReference; fileEncoding = 4; lastKnownFileType = sourcecode.cpp.cpp; path = httpfetch.cpp; sourceTree = "<group>"; };
		B53AE9B60C1DE1CA00B2371C /* httpfetch.h */ = {isa = PBXFileReference; fileEncoding = 4; lastKnownFileType = sourcecode.c.h; path = httpfetch.h; sourceTree = "<group>"; };
		B53AE9B70C1DE1CA00B2371C /* httpfetcher.cpp */ = {isa = PBXFileReference; fileEncoding = 4; lastKnownFileType = sourcecode.cpp.cpp; path = httpfetcher.cpp; sourceTree = "<group>"; };
		B53AE9B80C1DE1CA00B2371C /* httpfetcher.h */ = {isa = PBXFileReference; fileEncoding = 4; lastKnownFileType = sourcecode.c.h; path = httpfetcher.h; sourceTree = "<group>"; };
		B53AE9B90C1DE1CA00B2371C /* httpfetchheader.h */ = {isa = PBXFileReference; fileEncoding = 4; lastKnownFileType = sourcecode.c.h; path = httpfetchheader.h; sourceTree = "<group>"; };
		B53AE9BA0C1DE1CA00B2371C /* httpfetchheadparser.cpp */ = {isa = PBXFileReference; fileEncoding = 4; lastKnownFileType = sourcecode.cpp.cpp; path = httpfetchheadparser.cpp; sourceTree = "<group>"; };
		B53AE9BB0C1DE1CA00B2371C /* httpfetchheadparser.h */ = {isa = PBXFileReference; fileEncoding = 4; lastKnownFileType = sourcecode.c.h; path = httpfetchheadparser.h; sourceTree = "<group>"; };
		B53AE9BC0C1DE1CA00B2371C /* httpfetchleaf.cpp */ = {isa = PBXFileReference; fileEncoding = 4; lastKnownFileType = sourcecode.cpp.cpp; path = httpfetchleaf.cpp; sourceTree = "<group>"; };
		B53AE9BD0C1DE1CA00B2371C /* httpfetchleaf.h */ = {isa = PBXFileReference; fileEncoding = 4; lastKnownFileType = sourcecode.c.h; path = httpfetchleaf.h; sourceTree = "<group>"; };
		B53B010111F524D600C1D7E3 /* crypto.cpp */ = {isa = PBXFileReference; fileEncoding = 4; lastKnownFileType = sourcecode.cpp.cpp; path = crypto.cpp; sourceTree = "<group>"; };
		B53B010211F524D600C1D7E3 /* crypto.h */ = {isa = PBXFileReference; fileEncoding = 4; lastKnownFileType = sourcecode.c.h; path = crypto.h; sourceTree = "<group>"; };
		B541F1D4119414330099F07C /* fast.cpp */ = {isa = PBXFileReference; fileEncoding = 4; lastKnownFileType = sourcecode.cpp.cpp; path = fast.cpp; sourceTree = "<group>"; };
		B541F1D5119414330099F07C /* fast.h */ = {isa = PBXFileReference; fileEncoding = 4; lastKnownFileType = sourcecode.c.h; path = fast.h; sourceTree = "<group>"; };
		B541F22911941E1E0099F07C /* obyx.fcgi */ = {isa = PBXFileReference; explicitFileType = "compiled.mach-o.executable"; includeInIndex = 0; path = obyx.fcgi; sourceTree = BUILT_PRODUCTS_DIR; };
		B541F23811941EC30099F07C /* libfcgi.dylib */ = {isa = PBXFileReference; lastKnownFileType = "compiled.mach-o.dylib"; name = libfcgi.dylib; path = /usr/local/lib/libfcgi.dylib; sourceTree = "<absolute>"; };
		B541F23911941EC30099F07C /* libfcgi++.dylib */ = {isa = PBXFileReference; lastKnownFileType = "compiled.mach-o.dylib"; name = "libfcgi++.dylib"; path = "/usr/local/lib/libfcgi++.dylib"; sourceTree = "<absolute>"; };
		B546CACB10DA3E6300BC151A /* osimessage.h */ = {isa = PBXFileReference; fileEncoding = 4; lastKnownFileType = sourcecode.c.h; path = osimessage.h; sourceTree = "<group>"; };
		B546CACC10DA3E6300BC151A /* osimessage.cpp */ = {isa = PBXFileReference; fileEncoding = 4; lastKnownFileType = sourcecode.cpp.cpp; path = osimessage.cpp; sourceTree = "<group>"; };
		B54933FC105A697D00CE818F /* mysqlconnection.cpp */ = {isa = PBXFileReference; fileEncoding = 4; lastKnownFileType = sourcecode.cpp.cpp; path = mysqlconnection.cpp; sourceTree = "<group>"; };
		B54933FD105A697D00CE818F /* mysqlconnection.h */ = {isa = PBXFileReference; fileEncoding = 4; lastKnownFileType = sourcecode.c.h; path = mysqlconnection.h; sourceTree = "<group>"; };
		B54933FE105A697D00CE818F /* mysqlquery.cpp */ = {isa = PBXFileReference; fileEncoding = 4; lastKnownFileType = sourcecode.cpp.cpp; path = mysqlquery.cpp; sourceTree = "<group>"; };
		B54933FF105A697D00CE818F /* mysqlquery.h */ = {isa = PBXFileReference; fileEncoding = 4; lastKnownFileType = sourcecode.c.h; path = mysqlquery.h; sourceTree = "<group>"; };
		B5493400105A697D00CE818F /* mysqlservice.cpp */ = {isa = PBXFileReference; fileEncoding = 4; lastKnownFileType = sourcecode.cpp.cpp; path = mysqlservice.cpp; sourceTree = "<group>"; };
		B5493401105A697D00CE818F /* mysqlservice.h */ = {isa = PBXFileReference; fileEncoding = 4; lastKnownFileType = sourcecode.c.h; path = mysqlservice.h; sourceTree = "<group>"; };
		B549341B105A6B7100CE818F /* postgresqlservice.h */ = {isa = PBXFileReference; fileEncoding = 4; lastKnownFileType = sourcecode.c.h; path = postgresqlservice.h; sourceTree = "<group>"; };
		B549341C105A6B7100CE818F /* postgresqlservice.cpp */ = {isa = PBXFileReference; fileEncoding = 4; lastKnownFileType = sourcecode.cpp.cpp; path = postgresqlservice.cpp; sourceTree = "<group>"; };
		B5493420105A6B8500CE818F /* postgresqlconnection.h */ = {isa = PBXFileReference; fileEncoding = 4; lastKnownFileType = sourcecode.c.h; path = postgresqlconnection.h; sourceTree = "<group>"; };
		B5493421105A6B8500CE818F /* postgresqlconnection.cpp */ = {isa = PBXFileReference; fileEncoding = 4; lastKnownFileType = sourcecode.cpp.cpp; path = postgresqlconnection.cpp; sourceTree = "<group>"; };
		B5493425105A6B9500CE818F /* postgresqlquery.h */ = {isa = PBXFileReference; fileEncoding = 4; lastKnownFileType = sourcecode.c.h; path = postgresqlquery.h; sourceTree = "<group>"; };
		B5493426105A6B9500CE818F /* postgresqlquery.cpp */ = {isa = PBXFileReference; fileEncoding = 4; lastKnownFileType = sourcecode.cpp.cpp; path = postgresqlquery.cpp; sourceTree = "<group>"; };
		B54EE14E0E3501860044DFA3 /* chars.h */ = {isa = PBXFileReference; fileEncoding = 4; lastKnownFileType = sourcecode.c.h; path = chars.h; sourceTree = "<group>"; };
		B54EE14F0E3501860044DFA3 /* chars.cpp */ = {isa = PBXFileReference; fileEncoding = 4; lastKnownFileType = sourcecode.cpp.cpp; path = chars.cpp; sourceTree = "<group>"; };
		B55597170F8A04B4003C3BE0 /* message.xsd */ = {isa = PBXFileReference; explicitFileType = text.xml; fileEncoding = 4; name = message.xsd; path = grammars/message.xsd; sourceTree = SOURCE_ROOT; };
		B55597180F8A04B4003C3BE0 /* oal.xsd */ = {isa = PBXFileReference; explicitFileType = text.xml; fileEncoding = 4; name = oal.xsd; path = grammars/oal.xsd; sourceTree = SOURCE_ROOT; };
		B55597190F8A04B4003C3BE0 /* obyx.xsd */ = {isa = PBXFileReference; explicitFileType = text.xml; fileEncoding = 4; name = obyx.xsd; path = grammars/obyx.xsd; sourceTree = SOURCE_ROOT; };
		B555971C0F8A04B4003C3BE0 /* xhtml1-strict.dtd */ = {isa = PBXFileReference; explicitFileType = text.xml; fileEncoding = 4; name = "xhtml1-strict.dtd"; path = "grammars/xhtml1-strict.dtd"; sourceTree = SOURCE_ROOT; };
		B555971F0F8A04B4003C3BE0 /* xlink.xsd */ = {isa = PBXFileReference; explicitFileType = text.xml; fileEncoding = 4; name = xlink.xsd; path = grammars/xlink.xsd; sourceTree = SOURCE_ROOT; };
		B55597200F8A04B4003C3BE0 /* xml.xsd */ = {isa = PBXFileReference; explicitFileType = text.xml; fileEncoding = 4; name = xml.xsd; path = grammars/xml.xsd; sourceTree = SOURCE_ROOT; };
		B55597230F8A04F4003C3BE0 /* messagexsd.h */ = {isa = PBXFileReference; fileEncoding = 4; lastKnownFileType = sourcecode.c.h; name = messagexsd.h; path = grammars/messagexsd.h; sourceTree = "<group>"; };
		B55597240F8A04F4003C3BE0 /* oalxsd.h */ = {isa = PBXFileReference; fileEncoding = 4; lastKnownFileType = sourcecode.c.h; name = oalxsd.h; path = grammars/oalxsd.h; sourceTree = "<group>"; };
		B55597250F8A04F4003C3BE0 /* obyxxsd.h */ = {isa = PBXFileReference; fileEncoding = 4; lastKnownFileType = sourcecode.c.h; name = obyxxsd.h; path = grammars/obyxxsd.h; sourceTree = "<group>"; };
		B55597260F8A04F4003C3BE0 /* soapxsd.h */ = {isa = PBXFileReference; fileEncoding = 4; lastKnownFileType = sourcecode.c.h; name = soapxsd.h; path = grammars/soapxsd.h; sourceTree = "<group>"; };
		B55597270F8A04F4003C3BE0 /* svg.h */ = {isa = PBXFileReference; fileEncoding = 4; lastKnownFileType = sourcecode.c.h; name = svg.h; path = grammars/svg.h; sourceTree = "<group>"; };
		B55597290F8A04F4003C3BE0 /* xlinkxsd.h */ = {isa = PBXFileReference; fileEncoding = 4; lastKnownFileType = sourcecode.c.h; name = xlinkxsd.h; path = grammars/xlinkxsd.h; sourceTree = "<group>"; };
		B555972A0F8A04F4003C3BE0 /* xmlxsd.h */ = {isa = PBXFileReference; fileEncoding = 4; lastKnownFileType = sourcecode.c.h; name = xmlxsd.h; path = grammars/xmlxsd.h; sourceTree = "<group>"; };
		B555972D0F8A0504003C3BE0 /* manager.cpp */ = {isa = PBXFileReference; fileEncoding = 4; lastKnownFileType = sourcecode.cpp.cpp; path = manager.cpp; sourceTree = "<group>"; };
		B555972E0F8A0504003C3BE0 /* manager.h */ = {isa = PBXFileReference; fileEncoding = 4; lastKnownFileType = sourcecode.c.h; path = manager.h; sourceTree = "<group>"; };
		B55597860F8A0D3E003C3BE0 /* dataitem.cpp */ = {isa = PBXFileReference; fileEncoding = 4; lastKnownFileType = sourcecode.cpp.cpp; path = dataitem.cpp; sourceTree = "<group>"; };
		B55597870F8A0D3E003C3BE0 /* dataitem.h */ = {isa = PBXFileReference; fileEncoding = 4; lastKnownFileType = sourcecode.c.h; path = dataitem.h; sourceTree = "<group>"; };
		B55597880F8A0D3E003C3BE0 /* strobject.cpp */ = {isa = PBXFileReference; fileEncoding = 4; lastKnownFileType = sourcecode.cpp.cpp; lineEnding = 0; path = strobject.cpp; sourceTree = "<group>"; };
		B55597890F8A0D3E003C3BE0 /* strobject.h */ = {isa = PBXFileReference; fileEncoding = 4; lastKnownFileType = sourcecode.c.h; path = strobject.h; sourceTree = "<group>"; };
		B555978A0F8A0D3E003C3BE0 /* xmlobject.cpp */ = {isa = PBXFileReference; fileEncoding = 4; lastKnownFileType = sourcecode.cpp.cpp; path = xmlobject.cpp; sourceTree = "<group>"; };
		B555978B0F8A0D3E003C3BE0 /* xmlobject.h */ = {isa = PBXFileReference; fileEncoding = 4; lastKnownFileType = sourcecode.c.h; path = xmlobject.h; sourceTree = "<group>"; xcLanguageSpecificationIdentifier = xcode.lang.cpp; };
		B55C285E09A48FD500714977 /* environment.h */ = {isa = PBXFileReference; fileEncoding = 4; lastKnownFileType = sourcecode.c.h; path = environment.h; sourceTree = "<group>"; };
		B55C287409A4903700714977 /* environment.cpp */ = {isa = PBXFileReference; fileEncoding = 4; lastKnownFileType = sourcecode.cpp.cpp; path = environment.cpp; sourceTree = "<group>"; };
		B55C29B309A4AABE00714977 /* httphead.h */ = {isa = PBXFileReference; fileEncoding = 4; lastKnownFileType = sourcecode.c.h; path = httphead.h; sourceTree = "<group>"; };
		B55C29B609A4AB9D00714977 /* httphead.cpp */ = {isa = PBXFileReference; fileEncoding = 4; lastKnownFileType = sourcecode.cpp.cpp; path = httphead.cpp; sourceTree = "<group>"; };
		B55EFE020FA5DBC900AFC317 /* soap-encoding.xsd */ = {isa = PBXFileReference; explicitFileType = text.xml; fileEncoding = 4; name = "soap-encoding.xsd"; path = "grammars/soap-encoding.xsd"; sourceTree = SOURCE_ROOT; };
		B55EFE0C0FA5DBE800AFC317 /* soapencodingxsd.h */ = {isa = PBXFileReference; fileEncoding = 4; lastKnownFileType = sourcecode.c.h; name = soapencodingxsd.h; path = grammars/soapencodingxsd.h; sourceTree = "<group>"; };
		B56170020AD129C80032F167 /* inputtype.h */ = {isa = PBXFileReference; fileEncoding = 4; lastKnownFileType = sourcecode.c.h; path = inputtype.h; sourceTree = "<group>"; };
		B56170030AD129C80032F167 /* inputtype.cpp */ = {isa = PBXFileReference; fileEncoding = 4; lastKnownFileType = sourcecode.cpp.cpp; path = inputtype.cpp; sourceTree = "<group>"; };
		B56170610AD12C9C0032F167 /* output.h */ = {isa = PBXFileReference; fileEncoding = 4; lastKnownFileType = sourcecode.c.h; path = output.h; sourceTree = "<group>"; };
		B56170620AD12C9D0032F167 /* output.cpp */ = {isa = PBXFileReference; fileEncoding = 4; lastKnownFileType = sourcecode.cpp.cpp; path = output.cpp; sourceTree = "<group>"; };
		B56171820AD134C00032F167 /* instruction.h */ = {isa = PBXFileReference; fileEncoding = 4; lastKnownFileType = sourcecode.c.h; path = instruction.h; sourceTree = "<group>"; };
		B56171830AD134C00032F167 /* instruction.cpp */ = {isa = PBXFileReference; fileEncoding = 4; lastKnownFileType = sourcecode.cpp.cpp; path = instruction.cpp; sourceTree = "<group>"; };
		B56171DD0AD13B430032F167 /* comparison.h */ = {isa = PBXFileReference; fileEncoding = 4; lastKnownFileType = sourcecode.c.h; path = comparison.h; sourceTree = "<group>"; };
		B56171DE0AD13B430032F167 /* comparison.cpp */ = {isa = PBXFileReference; fileEncoding = 4; lastKnownFileType = sourcecode.cpp.cpp; path = comparison.cpp; sourceTree = "<group>"; };
		B562349F0FEFC9A400CF092E /* itemstore.h */ = {isa = PBXFileReference; fileEncoding = 4; lastKnownFileType = sourcecode.c.h; path = itemstore.h; sourceTree = "<group>"; };
		B56234A00FEFC9A400CF092E /* itemstore.cpp */ = {isa = PBXFileReference; fileEncoding = 4; lastKnownFileType = sourcecode.cpp.cpp; path = itemstore.cpp; sourceTree = "<group>"; };
		B568C2FB0CC63C1600B1EBFF /* connection.cpp */ = {isa = PBXFileReference; fileEncoding = 4; lastKnownFileType = sourcecode.cpp.cpp; path = connection.cpp; sourceTree = "<group>"; };
		B56A57001265F924001C4299 /* infix.h */ = {isa = PBXFileReference; fileEncoding = 4; lastKnownFileType = sourcecode.c.h; path = infix.h; sourceTree = "<group>"; };
		B56A57011265F924001C4299 /* infix.cpp */ = {isa = PBXFileReference; fileEncoding = 4; lastKnownFileType = sourcecode.cpp.cpp; path = infix.cpp; sourceTree = "<group>"; };
		B57DFC7B13559D8F00122195 /* rawitem.cpp */ = {isa = PBXFileReference; fileEncoding = 4; lastKnownFileType = sourcecode.cpp.cpp; path = rawitem.cpp; sourceTree = "<group>"; };
		B57DFC7C13559D8F00122195 /* rawitem.h */ = {isa = PBXFileReference; fileEncoding = 4; lastKnownFileType = sourcecode.c.h; path = rawitem.h; sourceTree = "<group>"; };
		B58852A00CC39E1B009D0279 /* regex.h */ = {isa = PBXFileReference; fileEncoding = 4; lastKnownFileType = sourcecode.c.h; path = regex.h; sourceTree = "<group>"; };
		B58852A10CC39E1B009D0279 /* regex.cpp */ = {isa = PBXFileReference; fileEncoding = 4; lastKnownFileType = sourcecode.cpp.cpp; path = regex.cpp; sourceTree = "<group>"; };
		B58DA8C01104B05E00C34661 /* fragmentobject.h */ = {isa = PBXFileReference; fileEncoding = 4; lastKnownFileType = sourcecode.c.h; path = fragmentobject.h; sourceTree = "<group>"; };
		B58DA8C11104B05E00C34661 /* fragmentobject.cpp */ = {isa = PBXFileReference; fileEncoding = 4; lastKnownFileType = sourcecode.cpp.cpp; path = fragmentobject.cpp; sourceTree = "<group>"; };
		B599F9230F583DEA00AD3D2C /* libxqilla.dylib */ = {isa = PBXFileReference; lastKnownFileType = "compiled.mach-o.dylib"; name = libxqilla.dylib; path = /usr/local/lib/libxqilla.dylib; sourceTree = "<absolute>"; };
		B5A68B3B09CEF76B00D69316 /* pairqueue.h */ = {isa = PBXFileReference; fileEncoding = 4; lastKnownFileType = sourcecode.c.h; path = pairqueue.h; sourceTree = "<group>"; };
		B5A68E9109CF266B00D69316 /* pairqueue.cpp */ = {isa = PBXFileReference; fileEncoding = 4; lastKnownFileType = sourcecode.cpp.cpp; path = pairqueue.cpp; sourceTree = "<group>"; };
		B5A913DE1451CAFE00845A52 /* xhtml5.h */ = {isa = PBXFileReference; fileEncoding = 4; lastKnownFileType = sourcecode.c.h; name = xhtml5.h; path = grammars/xhtml5.h; sourceTree = "<group>"; };
		B5B5E7B1145EEAB50075D364 /* xhtml5.xsd */ = {isa = PBXFileReference; fileEncoding = 4; lastKnownFileType = text; name = xhtml5.xsd; path = grammars/xhtml5.xsd; sourceTree = SOURCE_ROOT; };
		B5B5E7B2145F01380075D364 /* svg.xsd */ = {isa = PBXFileReference; fileEncoding = 4; lastKnownFileType = text.xml; name = svg.xsd; path = grammars/svg.xsd; sourceTree = SOURCE_ROOT; };
		B5C208CB0FB982F7000BD08A /* wsdl.xsd */ = {isa = PBXFileReference; explicitFileType = text.xml; fileEncoding = 4; name = wsdl.xsd; path = grammars/wsdl.xsd; sourceTree = SOURCE_ROOT; };
		B5C208E90FB983C9000BD08A /* wsdlmime.xsd */ = {isa = PBXFileReference; explicitFileType = text.xml; fileEncoding = 4; name = wsdlmime.xsd; path = grammars/wsdlmime.xsd; sourceTree = SOURCE_ROOT; };
		B5C208F60FB984EF000BD08A /* wsdlmimexsd.h */ = {isa = PBXFileReference; fileEncoding = 4; lastKnownFileType = sourcecode.c.h; name = wsdlmimexsd.h; path = grammars/wsdlmimexsd.h; sourceTree = "<group>"; };
		B5C208F70FB984EF000BD08A /* wsdlxsd.h */ = {isa = PBXFileReference; fileEncoding = 4; lastKnownFileType = sourcecode.c.h; name = wsdlxsd.h; path = grammars/wsdlxsd.h; sourceTree = "<group>"; };
		B5CA58FB11B66946001A56D4 /* libxerces-c-3.1.dylib */ = {isa = PBXFileReference; lastKnownFileType = "compiled.mach-o.dylib"; name = "libxerces-c-3.1.dylib"; path = "/usr/local/lib/libxerces-c-3.1.dylib"; sourceTree = "<absolute>"; };
		B5CB065F09BE09DB0014329C /* document.h */ = {isa = PBXFileReference; fileEncoding = 4; lastKnownFileType = sourcecode.c.h; path = document.h; sourceTree = "<group>"; };
		B5CB066009BE09DB0014329C /* document.cpp */ = {isa = PBXFileReference; fileEncoding = 4; lastKnownFileType = sourcecode.cpp.cpp; path = document.cpp; sourceTree = "<group>"; };
		B5CB068509BE0CBF0014329C /* obyxelement.h */ = {isa = PBXFileReference; fileEncoding = 4; lastKnownFileType = sourcecode.c.h; path = obyxelement.h; sourceTree = "<group>"; };
		B5CB068609BE0CBF0014329C /* obyxelement.cpp */ = {isa = PBXFileReference; fileEncoding = 4; lastKnownFileType = sourcecode.cpp.cpp; path = obyxelement.cpp; sourceTree = "<group>"; };
		B5D74F1A0CA0433E00D37970 /* osiapp.h */ = {isa = PBXFileReference; fileEncoding = 4; lastKnownFileType = sourcecode.c.h; path = osiapp.h; sourceTree = "<group>"; };
		B5D74F1B0CA0433E00D37970 /* osiapp.cpp */ = {isa = PBXFileReference; fileEncoding = 4; lastKnownFileType = sourcecode.cpp.cpp; path = osiapp.cpp; sourceTree = "<group>"; };
		B5D99D4D0D992FC10093325B /* LICENSE */ = {isa = PBXFileReference; fileEncoding = 4; lastKnownFileType = text; path = LICENSE; sourceTree = "<group>"; };
		B5D99D4E0D992FFD0093325B /* TODO */ = {isa = PBXFileReference; fileEncoding = 4; lastKnownFileType = text; path = TODO; sourceTree = "<group>"; };
		B5D99D4F0D992FFD0093325B /* THANKS */ = {isa = PBXFileReference; fileEncoding = 4; lastKnownFileType = text; path = THANKS; sourceTree = "<group>"; };
		B5D99D500D992FFD0093325B /* README */ = {isa = PBXFileReference; fileEncoding = 4; lastKnownFileType = text; path = README; sourceTree = "<group>"; };
		B5D99D510D992FFD0093325B /* NEWS */ = {isa = PBXFileReference; fileEncoding = 4; lastKnownFileType = text; path = NEWS; sourceTree = "<group>"; };
		B5D99D520D992FFD0093325B /* INSTALL */ = {isa = PBXFileReference; fileEncoding = 4; lastKnownFileType = text; path = INSTALL; sourceTree = "<group>"; };
		B5DA48BF0CFC48BE0060FFB1 /* iko.h */ = {isa = PBXFileReference; fileEncoding = 4; lastKnownFileType = sourcecode.c.h; path = iko.h; sourceTree = "<group>"; };
		B5DA48C00CFC48BE0060FFB1 /* iko.cpp */ = {isa = PBXFileReference; fileEncoding = 4; lastKnownFileType = sourcecode.cpp.cpp; path = iko.cpp; sourceTree = "<group>"; };
		B5E2F833106B7A3500AECEA2 /* CHANGELOG */ = {isa = PBXFileReference; fileEncoding = 4; lastKnownFileType = text; path = CHANGELOG; sourceTree = "<group>"; };
		B5E31FE609BC584A00F7FC96 /* main.cpp */ = {isa = PBXFileReference; fileEncoding = 4; lastKnownFileType = sourcecode.cpp.cpp; path = main.cpp; sourceTree = "<group>"; };
		B5E31FFF09BC596000F7FC96 /* obyx.cgi */ = {isa = PBXFileReference; explicitFileType = "compiled.mach-o.executable"; includeInIndex = 0; path = obyx.cgi; sourceTree = BUILT_PRODUCTS_DIR; };
		B5E320D009BC666A00F7FC96 /* filer.h */ = {isa = PBXFileReference; fileEncoding = 4; lastKnownFileType = sourcecode.c.h; path = filer.h; sourceTree = "<group>"; };
		B5E320D109BC666A00F7FC96 /* filer.cpp */ = {isa = PBXFileReference; fileEncoding = 4; lastKnownFileType = sourcecode.cpp.cpp; path = filer.cpp; sourceTree = "<group>"; };
		B5E3219C09BC6D0100F7FC96 /* xmlerrhandler.cpp */ = {isa = PBXFileReference; fileEncoding = 4; lastKnownFileType = sourcecode.cpp.cpp; path = xmlerrhandler.cpp; sourceTree = "<group>"; };
		B5E3219D09BC6D0100F7FC96 /* xmlerrhandler.h */ = {isa = PBXFileReference; fileEncoding = 4; lastKnownFileType = sourcecode.c.h; path = xmlerrhandler.h; sourceTree = "<group>"; };
		B5E3219E09BC6D0100F7FC96 /* xmlparser.cpp */ = {isa = PBXFileReference; fileEncoding = 4; lastKnownFileType = sourcecode.cpp.cpp; path = xmlparser.cpp; sourceTree = "<group>"; };
		B5E3219F09BC6D0100F7FC96 /* xmlparser.h */ = {isa = PBXFileReference; fileEncoding = 4; lastKnownFileType = sourcecode.c.h; path = xmlparser.h; sourceTree = "<group>"; };
		B5E321DD09BC6D4D00F7FC96 /* xml.h */ = {isa = PBXFileReference; fileEncoding = 4; lastKnownFileType = sourcecode.c.h; path = xml.h; sourceTree = "<group>"; };
		B5E3243C09BC96C900F7FC96 /* iteration.h */ = {isa = PBXFileReference; fileEncoding = 4; lastKnownFileType = sourcecode.c.h; path = iteration.h; sourceTree = "<group>"; };
		B5E3243D09BC96C900F7FC96 /* iteration.cpp */ = {isa = PBXFileReference; fileEncoding = 4; lastKnownFileType = sourcecode.cpp.cpp; path = iteration.cpp; sourceTree = "<group>"; };
		B5F0776C0D17F67400C5E0F1 /* soap.xsd */ = {isa = PBXFileReference; explicitFileType = text.xml; fileEncoding = 4; name = soap.xsd; path = ../grammars/soap.xsd; sourceTree = "<group>"; };
		B5F0C03F0A4C3B0A00CC363D /* IInfGlobal.h */ = {isa = PBXFileReference; fileEncoding = 4; lastKnownFileType = sourcecode.c.h; path = IInfGlobal.h; sourceTree = "<group>"; };
		B5F0C0400A4C3B0A00CC363D /* IInfImageBase.cpp */ = {isa = PBXFileReference; fileEncoding = 4; lastKnownFileType = sourcecode.cpp.cpp; path = IInfImageBase.cpp; sourceTree = "<group>"; };
		B5F0C0420A4C3B0A00CC363D /* IInfImageTypes.cpp */ = {isa = PBXFileReference; fileEncoding = 4; lastKnownFileType = sourcecode.cpp.cpp; path = IInfImageTypes.cpp; sourceTree = "<group>"; };
		B5F0C0440A4C3B0A00CC363D /* IInfInfo.cpp */ = {isa = PBXFileReference; fileEncoding = 4; lastKnownFileType = sourcecode.cpp.cpp; path = IInfInfo.cpp; sourceTree = "<group>"; };
		B5F0C0460A4C3B0A00CC363D /* IInfNetworkGraphics.cpp */ = {isa = PBXFileReference; fileEncoding = 4; lastKnownFileType = sourcecode.cpp.cpp; path = IInfNetworkGraphics.cpp; sourceTree = "<group>"; };
		B5F0C0480A4C3B0A00CC363D /* IInfReader.cpp */ = {isa = PBXFileReference; fileEncoding = 4; lastKnownFileType = sourcecode.cpp.cpp; path = IInfReader.cpp; sourceTree = "<group>"; };
		B5F79CB11268876B008CBD64 /* bitwise.h */ = {isa = PBXFileReference; fileEncoding = 4; lastKnownFileType = sourcecode.c.h; path = bitwise.h; sourceTree = "<group>"; };
		B5F79CB21268876B008CBD64 /* bitwise.cpp */ = {isa = PBXFileReference; fileEncoding = 4; lastKnownFileType = sourcecode.cpp.cpp; path = bitwise.cpp; sourceTree = "<group>"; };
/* End PBXFileReference section */

/* Begin PBXFrameworksBuildPhase section */
		B541F22311941E1E0099F07C /* Frameworks */ = {
			isa = PBXFrameworksBuildPhase;
			buildActionMask = 2147483647;
			files = (
				B541F22411941E1E0099F07C /* libdl.dylib in Frameworks */,
				B541F22511941E1E0099F07C /* libxqilla.dylib in Frameworks */,
				B541F23A11941EC30099F07C /* libfcgi.dylib in Frameworks */,
				B541F23B11941EC30099F07C /* libfcgi++.dylib in Frameworks */,
				B5CA58FC11B66946001A56D4 /* libxerces-c-3.1.dylib in Frameworks */,
			);
			runOnlyForDeploymentPostprocessing = 0;
		};
		B5E31FFD09BC596000F7FC96 /* Frameworks */ = {
			isa = PBXFrameworksBuildPhase;
			buildActionMask = 2147483647;
			files = (
				B51648170CBB8285000995D5 /* libdl.dylib in Frameworks */,
				B5CA58FD11B66946001A56D4 /* libxerces-c-3.1.dylib in Frameworks */,
				B5798122124282DA004752BE /* libxqilla.dylib in Frameworks */,
			);
			runOnlyForDeploymentPostprocessing = 0;
		};
/* End PBXFrameworksBuildPhase section */

/* Begin PBXGroup section */
		0249A662FF388D9811CA2CEA /* External Frameworks and Libraries */ = {
			isa = PBXGroup;
			children = (
				B5CA58FB11B66946001A56D4 /* libxerces-c-3.1.dylib */,
				B51648160CBB8285000995D5 /* libdl.dylib */,
				B599F9230F583DEA00AD3D2C /* libxqilla.dylib */,
				B541F23811941EC30099F07C /* libfcgi.dylib */,
				B541F23911941EC30099F07C /* libfcgi++.dylib */,
			);
			name = "External Frameworks and Libraries";
			sourceTree = "<group>";
		};
		08FB7794FE84155DC02AAC07 /* RSRebuild */ = {
			isa = PBXGroup;
			children = (
				B50F2E9E0990ED6D00A5E408 /* Makefile */,
				B509B96B098E4D180001B5AD /* commons */,
				B5E31FE309BC584A00F7FC96 /* core */,
				B5E1A7BE0CDA33BF00E7415B /* grammars */,
				B5D99D4B0D992EF80093325B /* docs */,
				1AB674ADFE9D54B511CA2CBB /* Products */,
				0249A662FF388D9811CA2CEA /* External Frameworks and Libraries */,
			);
			name = RSRebuild;
			sourceTree = "<group>";
			usesTabs = 1;
			wrapsLines = 0;
		};
		1AB674ADFE9D54B511CA2CBB /* Products */ = {
			isa = PBXGroup;
			children = (
				B5E31FFF09BC596000F7FC96 /* obyx.cgi */,
				B541F22911941E1E0099F07C /* obyx.fcgi */,
			);
			name = Products;
			sourceTree = "<group>";
		};
		B509B96B098E4D180001B5AD /* commons */ = {
			isa = PBXGroup;
			children = (
				B541F1D3119414330099F07C /* fast */,
				B509B96C098E4D180001B5AD /* date */,
				B509B981098E4D180001B5AD /* string */,
				B55C285D09A48FD500714977 /* environment */,
				B5E3219509BC6C0D00F7FC96 /* xml */,
				B55C29B209A4AABE00714977 /* httphead */,
				B53AE9B40C1DE1CA00B2371C /* httpfetch */,
				B50F509B09939223002FC561 /* logger */,
				B509B975098E4D180001B5AD /* filing */,
				B509B994098E4D180001B5AD /* vdb */,
			);
			path = commons;
			sourceTree = "<group>";
		};
		B509B96C098E4D180001B5AD /* date */ = {
			isa = PBXGroup;
			children = (
				B509B96E098E4D180001B5AD /* date.h */,
				B509B96D098E4D180001B5AD /* date.cpp */,
			);
			path = date;
			sourceTree = "<group>";
		};
		B509B975098E4D180001B5AD /* filing */ = {
			isa = PBXGroup;
			children = (
				B509B97C098E4D180001B5AD /* filing.h */,
				B509B977098E4D180001B5AD /* device.h */,
				B509B976098E4D180001B5AD /* device.cpp */,
				B509B97B098E4D180001B5AD /* file.h */,
				B509B97A098E4D180001B5AD /* file.cpp */,
				B509B97E098E4D180001B5AD /* path.h */,
				B509B97D098E4D180001B5AD /* path.cpp */,
				B509B980098E4D180001B5AD /* utils.h */,
				B509B97F098E4D180001B5AD /* utils.cpp */,
			);
			path = filing;
			sourceTree = "<group>";
		};
		B509B981098E4D180001B5AD /* string */ = {
			isa = PBXGroup;
			children = (
				B5072F07099CA2E1002F675A /* strings.h */,
				B54EE14E0E3501860044DFA3 /* chars.h */,
				B54EE14F0E3501860044DFA3 /* chars.cpp */,
				B5F79CB11268876B008CBD64 /* bitwise.h */,
				B5F79CB21268876B008CBD64 /* bitwise.cpp */,
				B56A57001265F924001C4299 /* infix.h */,
				B56A57011265F924001C4299 /* infix.cpp */,
				B58852A00CC39E1B009D0279 /* regex.h */,
				B58852A10CC39E1B009D0279 /* regex.cpp */,
				B53B010211F524D600C1D7E3 /* crypto.h */,
				B53B010111F524D600C1D7E3 /* crypto.cpp */,
				B509B983098E4D180001B5AD /* comparison.h */,
				B509B982098E4D180001B5AD /* comparison.cpp */,
				B509B985098E4D180001B5AD /* convert.h */,
				B509B984098E4D180001B5AD /* convert.cpp */,
				B509B98A098E4D180001B5AD /* fandr.h */,
				B509B989098E4D180001B5AD /* fandr.cpp */,
				B5072EB8099CA123002F675A /* translate.h */,
				B5072EB9099CA123002F675A /* translate.cpp */,
			);
			path = string;
			sourceTree = "<group>";
		};
		B509B994098E4D180001B5AD /* vdb */ = {
			isa = PBXGroup;
			children = (
				B5493418105A6A8000CE818F /* postgresql */,
				B54933FB105A697D00CE818F /* mysql */,
				B509B9A5098E4D180001B5AD /* vdb.h */,
				B52DB5040CBB9A5E00D5B5D0 /* servicefactory.h */,
				B52DB5050CBB9A5E00D5B5D0 /* servicefactory.cpp */,
				B52DB5160CBB9A9D00D5B5D0 /* service.h */,
				B509B996098E4D180001B5AD /* connection.h */,
				B568C2FB0CC63C1600B1EBFF /* connection.cpp */,
				B509B9A4098E4D180001B5AD /* query.h */,
				B509B9A3098E4D180001B5AD /* query.cpp */,
			);
			path = vdb;
			sourceTree = "<group>";
		};
		B50F509B09939223002FC561 /* logger */ = {
			isa = PBXGroup;
			children = (
				B50F50A109939223002FC561 /* logger.h */,
				B50F50A009939223002FC561 /* logger.cpp */,
				B50F509D09939223002FC561 /* clilogger.h */,
				B50F509C09939223002FC561 /* clilogger.cpp */,
				B50F509F09939223002FC561 /* httplogger.h */,
				B50F509E09939223002FC561 /* httplogger.cpp */,
			);
			path = logger;
			sourceTree = "<group>";
		};
		B53AE9B40C1DE1CA00B2371C /* httpfetch */ = {
			isa = PBXGroup;
			children = (
				B53AE9B60C1DE1CA00B2371C /* httpfetch.h */,
				B53AE9B50C1DE1CA00B2371C /* httpfetch.cpp */,
				B53AE9B80C1DE1CA00B2371C /* httpfetcher.h */,
				B53AE9B70C1DE1CA00B2371C /* httpfetcher.cpp */,
				B53AE9B90C1DE1CA00B2371C /* httpfetchheader.h */,
				B53AE9BB0C1DE1CA00B2371C /* httpfetchheadparser.h */,
				B53AE9BA0C1DE1CA00B2371C /* httpfetchheadparser.cpp */,
				B53AE9BD0C1DE1CA00B2371C /* httpfetchleaf.h */,
				B53AE9BC0C1DE1CA00B2371C /* httpfetchleaf.cpp */,
			);
			path = httpfetch;
			sourceTree = "<group>";
		};
		B541F16511940E3E0099F07C /* DataItem */ = {
			isa = PBXGroup;
			children = (
				B55597870F8A0D3E003C3BE0 /* dataitem.h */,
				B55597860F8A0D3E003C3BE0 /* dataitem.cpp */,
				B58DA8C01104B05E00C34661 /* fragmentobject.h */,
				B58DA8C11104B05E00C34661 /* fragmentobject.cpp */,
				B57DFC7C13559D8F00122195 /* rawitem.h */,
				B57DFC7B13559D8F00122195 /* rawitem.cpp */,
				B55597890F8A0D3E003C3BE0 /* strobject.h */,
				B55597880F8A0D3E003C3BE0 /* strobject.cpp */,
				B5350FA0134DBE3F00801466 /* ustritem.h */,
				B5350F9F134DBE3E00801466 /* ustritem.cpp */,
				B555978B0F8A0D3E003C3BE0 /* xmlobject.h */,
				B555978A0F8A0D3E003C3BE0 /* xmlobject.cpp */,
			);
			name = DataItem;
			sourceTree = "<group>";
		};
		B541F16811940E4B0099F07C /* Function */ = {
			isa = PBXGroup;
			children = (
				B52D56D709BF72F800F639C5 /* function.h */,
				B52D56D809BF72F800F639C5 /* function.cpp */,
				B5E3243C09BC96C900F7FC96 /* iteration.h */,
				B5E3243D09BC96C900F7FC96 /* iteration.cpp */,
				B56171DD0AD13B430032F167 /* comparison.h */,
				B56171DE0AD13B430032F167 /* comparison.cpp */,
				B56171820AD134C00032F167 /* instruction.h */,
				B56171830AD134C00032F167 /* instruction.cpp */,
				B52556160C7DDB7700E3ADFC /* mapping.h */,
				B52556170C7DDB7700E3ADFC /* mapping.cpp */,
			);
			name = Function;
			sourceTree = "<group>";
		};
		B541F16C11940E640099F07C /* IKO */ = {
			isa = PBXGroup;
			children = (
				B5DA48BF0CFC48BE0060FFB1 /* iko.h */,
				B5DA48C00CFC48BE0060FFB1 /* iko.cpp */,
				B56170020AD129C80032F167 /* inputtype.h */,
				B56170030AD129C80032F167 /* inputtype.cpp */,
				B56170610AD12C9C0032F167 /* output.h */,
				B56170620AD12C9D0032F167 /* output.cpp */,
			);
			name = IKO;
			sourceTree = "<group>";
		};
		B541F16F11940E6E0099F07C /* OSI */ = {
			isa = PBXGroup;
			children = (
				B5D74F1A0CA0433E00D37970 /* osiapp.h */,
				B5D74F1B0CA0433E00D37970 /* osiapp.cpp */,
				B546CACB10DA3E6300BC151A /* osimessage.h */,
				B546CACC10DA3E6300BC151A /* osimessage.cpp */,
			);
			name = OSI;
			sourceTree = "<group>";
		};
		B541F1D3119414330099F07C /* fast */ = {
			isa = PBXGroup;
			children = (
				B541F1D5119414330099F07C /* fast.h */,
				B541F1D4119414330099F07C /* fast.cpp */,
			);
			path = fast;
			sourceTree = "<group>";
		};
		B54933FB105A697D00CE818F /* mysql */ = {
			isa = PBXGroup;
			children = (
				B54933FE105A697D00CE818F /* mysqlquery.cpp */,
				B54933FD105A697D00CE818F /* mysqlconnection.h */,
				B54933FC105A697D00CE818F /* mysqlconnection.cpp */,
				B54933FF105A697D00CE818F /* mysqlquery.h */,
				B5493401105A697D00CE818F /* mysqlservice.h */,
				B5493400105A697D00CE818F /* mysqlservice.cpp */,
			);
			path = mysql;
			sourceTree = "<group>";
		};
		B5493418105A6A8000CE818F /* postgresql */ = {
			isa = PBXGroup;
			children = (
				B5493420105A6B8500CE818F /* postgresqlconnection.h */,
				B5493421105A6B8500CE818F /* postgresqlconnection.cpp */,
				B5493425105A6B9500CE818F /* postgresqlquery.h */,
				B5493426105A6B9500CE818F /* postgresqlquery.cpp */,
				B549341B105A6B7100CE818F /* postgresqlservice.h */,
				B549341C105A6B7100CE818F /* postgresqlservice.cpp */,
			);
			path = postgresql;
			sourceTree = "<group>";
		};
		B55C285D09A48FD500714977 /* environment */ = {
			isa = PBXGroup;
			children = (
				B55C285E09A48FD500714977 /* environment.h */,
				B55C287409A4903700714977 /* environment.cpp */,
				B5F0C03F0A4C3B0A00CC363D /* IInfGlobal.h */,
				B5F0C0400A4C3B0A00CC363D /* IInfImageBase.cpp */,
				B5F0C0420A4C3B0A00CC363D /* IInfImageTypes.cpp */,
				B5F0C0440A4C3B0A00CC363D /* IInfInfo.cpp */,
				B5F0C0460A4C3B0A00CC363D /* IInfNetworkGraphics.cpp */,
				B5F0C0480A4C3B0A00CC363D /* IInfReader.cpp */,
			);
			path = environment;
			sourceTree = "<group>";
		};
		B55C29B209A4AABE00714977 /* httphead */ = {
			isa = PBXGroup;
			children = (
				B55C29B309A4AABE00714977 /* httphead.h */,
				B55C29B609A4AB9D00714977 /* httphead.cpp */,
			);
			path = httphead;
			sourceTree = "<group>";
		};
		B560FC1211980DC800D2C92B /* ObyxElem */ = {
			isa = PBXGroup;
			children = (
				B5A68B3B09CEF76B00D69316 /* pairqueue.h */,
				B5A68E9109CF266B00D69316 /* pairqueue.cpp */,
				B5CB068509BE0CBF0014329C /* obyxelement.h */,
				B5CB068609BE0CBF0014329C /* obyxelement.cpp */,
				B562349F0FEFC9A400CF092E /* itemstore.h */,
				B56234A00FEFC9A400CF092E /* itemstore.cpp */,
				B5CB065F09BE09DB0014329C /* document.h */,
				B5CB066009BE09DB0014329C /* document.cpp */,
				B541F16811940E4B0099F07C /* Function */,
				B541F16C11940E640099F07C /* IKO */,
			);
			name = ObyxElem;
			sourceTree = "<group>";
		};
		B5841F890F6981F0008CED55 /* grammars */ = {
			isa = PBXGroup;
			children = (
				B5C208F70FB984EF000BD08A /* wsdlxsd.h */,
				B5C208F60FB984EF000BD08A /* wsdlmimexsd.h */,
				B55597230F8A04F4003C3BE0 /* messagexsd.h */,
				B55597240F8A04F4003C3BE0 /* oalxsd.h */,
				B55597250F8A04F4003C3BE0 /* obyxxsd.h */,
				B55597270F8A04F4003C3BE0 /* svg.h */,
				B5A913DE1451CAFE00845A52 /* xhtml5.h */,
				B55597290F8A04F4003C3BE0 /* xlinkxsd.h */,
				B555972A0F8A04F4003C3BE0 /* xmlxsd.h */,
				B55597260F8A04F4003C3BE0 /* soapxsd.h */,
				B55EFE0C0FA5DBE800AFC317 /* soapencodingxsd.h */,
			);
			name = grammars;
			sourceTree = "<group>";
		};
		B5D99D4B0D992EF80093325B /* docs */ = {
			isa = PBXGroup;
			children = (
				B5E2F833106B7A3500AECEA2 /* CHANGELOG */,
				B5D99D510D992FFD0093325B /* NEWS */,
				B5D99D4D0D992FC10093325B /* LICENSE */,
				B5D99D4E0D992FFD0093325B /* TODO */,
				B5D99D4F0D992FFD0093325B /* THANKS */,
				B5D99D500D992FFD0093325B /* README */,
				B5D99D520D992FFD0093325B /* INSTALL */,
			);
			path = docs;
			sourceTree = "<group>";
		};
		B5E1A7BE0CDA33BF00E7415B /* grammars */ = {
			isa = PBXGroup;
			children = (
				B555971C0F8A04B4003C3BE0 /* xhtml1-strict.dtd */,
				B55597200F8A04B4003C3BE0 /* xml.xsd */,
				B555971F0F8A04B4003C3BE0 /* xlink.xsd */,
				B55597190F8A04B4003C3BE0 /* obyx.xsd */,
				B5B5E7B1145EEAB50075D364 /* xhtml5.xsd */,
				B5B5E7B2145F01380075D364 /* svg.xsd */,
				B55597170F8A04B4003C3BE0 /* message.xsd */,
				B55597180F8A04B4003C3BE0 /* oal.xsd */,
				B5F0776C0D17F67400C5E0F1 /* soap.xsd */,
				B55EFE020FA5DBC900AFC317 /* soap-encoding.xsd */,
				B5C208CB0FB982F7000BD08A /* wsdl.xsd */,
				B5C208E90FB983C9000BD08A /* wsdlmime.xsd */,
			);
			name = grammars;
			path = core;
			sourceTree = "<group>";
		};
		B5E31FE309BC584A00F7FC96 /* core */ = {
			isa = PBXGroup;
			children = (
				B541F16F11940E6E0099F07C /* OSI */,
				B541F16511940E3E0099F07C /* DataItem */,
				B560FC1211980DC800D2C92B /* ObyxElem */,
				B5E320D009BC666A00F7FC96 /* filer.h */,
				B5E320D109BC666A00F7FC96 /* filer.cpp */,
				B5E31FE609BC584A00F7FC96 /* main.cpp */,
			);
			path = core;
			sourceTree = "<group>";
		};
		B5E3219509BC6C0D00F7FC96 /* xml */ = {
			isa = PBXGroup;
			children = (
				B5841F890F6981F0008CED55 /* grammars */,
				B5E321DD09BC6D4D00F7FC96 /* xml.h */,
				B555972E0F8A0504003C3BE0 /* manager.h */,
				B555972D0F8A0504003C3BE0 /* manager.cpp */,
				B5207EB90F5ECA30004F5C1B /* xmlrsrchandler.h */,
				B5207EBA0F5ECA30004F5C1B /* xmlrsrchandler.cpp */,
				B5E3219D09BC6D0100F7FC96 /* xmlerrhandler.h */,
				B5E3219C09BC6D0100F7FC96 /* xmlerrhandler.cpp */,
				B5E3219F09BC6D0100F7FC96 /* xmlparser.h */,
				B5E3219E09BC6D0100F7FC96 /* xmlparser.cpp */,
			);
			path = xml;
			sourceTree = "<group>";
		};
/* End PBXGroup section */

/* Begin PBXNativeTarget section */
		B541F1E611941E1E0099F07C /* obyx.fcgi */ = {
			isa = PBXNativeTarget;
			buildConfigurationList = B541F22711941E1E0099F07C /* Build configuration list for PBXNativeTarget "obyx.fcgi" */;
			buildPhases = (
				B541F1E711941E1E0099F07C /* ShellScript */,
				B541F1E811941E1E0099F07C /* Sources */,
				B541F22311941E1E0099F07C /* Frameworks */,
			);
			buildRules = (
			);
			dependencies = (
			);
			name = obyx.fcgi;
			productName = "nph-context";
			productReference = B541F22911941E1E0099F07C /* obyx.fcgi */;
			productType = "com.apple.product-type.tool";
		};
		B5E31FFE09BC596000F7FC96 /* obyx.cgi */ = {
			isa = PBXNativeTarget;
			buildConfigurationList = B5E3209709BC598C00F7FC96 /* Build configuration list for PBXNativeTarget "obyx.cgi" */;
			buildPhases = (
				B5563B1E0C43E5CC00CE74DF /* ShellScript */,
				B5E31FFC09BC596000F7FC96 /* Sources */,
				B5E31FFD09BC596000F7FC96 /* Frameworks */,
			);
			buildRules = (
			);
			dependencies = (
			);
			name = obyx.cgi;
			productName = "nph-context";
			productReference = B5E31FFF09BC596000F7FC96 /* obyx.cgi */;
			productType = "com.apple.product-type.tool";
		};
/* End PBXNativeTarget section */

/* Begin PBXProject section */
		08FB7793FE84155DC02AAC07 /* Project object */ = {
			isa = PBXProject;
			attributes = {
				BuildIndependentTargetsInParallel = YES;
				LastUpgradeCheck = 0420;
				ORGANIZATIONNAME = "Red Snapper Ltd";
			};
			buildConfigurationList = B59B3B1E08E2B9FB0065257B /* Build configuration list for PBXProject "obyx" */;
			compatibilityVersion = "Xcode 3.2";
			developmentRegion = English;
			hasScannedForEncodings = 1;
			knownRegions = (
				English,
				Japanese,
				French,
				German,
			);
			mainGroup = 08FB7794FE84155DC02AAC07 /* RSRebuild */;
			projectDirPath = "";
			projectRoot = "";
			targets = (
				B5E31FFE09BC596000F7FC96 /* obyx.cgi */,
				B541F1E611941E1E0099F07C /* obyx.fcgi */,
			);
		};
/* End PBXProject section */

/* Begin PBXShellScriptBuildPhase section */
		B541F1E711941E1E0099F07C /* ShellScript */ = {
			isa = PBXShellScriptBuildPhase;
			buildActionMask = 2147483647;
			files = (
			);
			inputPaths = (
				"$(SRCROOT)/grammars/xml.xsd",
				"$(SRCROOT)/grammars/message.xsd",
				"${SRCROOT}/grammars/xhtml1-strict.dtd",
				"$(SRCROOT)/grammars/obyx.xsd",
				"$(SRCROOT)/grammars/soap-encoding.xsd",
				"$(SRCROOT)/grammars/soap.xsd",
				"$(SRCROOT)/grammars/xlink.xsd",
				"$(SRCROOT)/grammars/oal.xsd",
				"$(SRCROOT)/grammars/wsdl.xsd",
				"$(SRCROOT)/grammars/wsdlmime.xsd",
				"$(SRCROOT)/grammars/xhtml5.xsd",
			);
			outputPaths = (
				"${SRCROOT}/commons/xml/grammars/xhtml1dtd.h",
				"${SRCROOT}/commons/xml/grammars/obyxxsd.h",
				"${SRCROOT}/commons/xml/grammars/xmlxsd.h",
				"${SRCROOT}/commons/xml/grammars/messagexsd.h",
				"${SRCROOT}/commons/xml/grammars/oalxsd.h",
				"$(SRCROOT)/commons/xml/grammars/soapencodingxsd.h",
				"$(SRCROOT)/commons/xml/grammars/soapxsd.h",
				"$(SRCROOT)/commons/xml/grammars/xlinkxsd.h",
				"${SRCROOT}/commons/xml/grammars/wsdlxsd.h",
				"${SRCROOT}/commons/xml/grammars/wsdlmimexsd.h",
				"${SRCROOT}/commons/xml/grammars/xhtml5.h",
			);
			runOnlyForDeploymentPostprocessing = 0;
			shellPath = /bin/bash;
			shellScript = "export hfile=${SRCROOT}/commons/xml/grammars/xmlxsd.h\necho \"std::string Parser::xmlxsd=\\\"\\\"\" > ${hfile}\ncat  ${SRCROOT}/grammars/xml.xsd | sed -e 's/\\\\/\\\\\\\\/g' | sed 's/\\\"/\\\\\\\"/g' | sed -e 's/^/\"/g' | sed -e 's/$/\"/g' >> ${hfile}\necho \"\\\"\\\";\"  >> ${hfile}\necho\nexport hfile=${SRCROOT}/commons/xml/grammars/messagexsd.h\necho \"std::string Parser::messagexsd=\\\"\\\"\" > ${hfile}\ncat  ${SRCROOT}/grammars/message.xsd | sed -e 's/\\\\/\\\\\\\\/g' | sed 's/\\\"/\\\\\\\"/g' | sed -e 's/^/\"/g' | sed -e 's/$/\"/g' >> ${hfile}\necho \"\\\"\\\";\"  >> ${hfile}\necho \nexport hfile=${SRCROOT}/commons/xml/grammars/xhtml1dtd.h\necho \"std::string Parser::xhtml1dtd =\\\"\\\"\" > ${hfile}\ncat ${SRCROOT}/grammars/xhtml1-strict.dtd | sed -e 's/\\\\/\\\\\\\\/g' | sed 's/\\\"/\\\\\\\"/g' | sed -e 's/^/\"/g' | sed -e 's/$/\"/g' >> ${hfile}\necho \"\\\"\\\";\"  >> ${hfile}\necho\nexport hfile=${SRCROOT}/commons/xml/grammars/obyxxsd.h\necho \"std::string Parser::obyxxsd=\\\"\\\"\" > ${hfile}\ncat  ${SRCROOT}/grammars/obyx.xsd | sed -e 's/\\\\/\\\\\\\\/g' | sed 's/\\\"/\\\\\\\"/g' | sed -e 's/^/\"/g' | sed -e 's/$/\"/g' >> ${hfile}\necho \"\\\"\\\";\"  >> ${hfile}\necho\nexport hfile=${SRCROOT}/commons/xml/grammars/soapxsd.h\necho \"std::string Parser::soapxsd =\\\"\\\"\" > ${hfile}\ncat  ${SRCROOT}/grammars/soap.xsd | sed -e 's/\\\\/\\\\\\\\/g' | sed 's/\\\"/\\\\\\\"/g' | sed -e 's/^/\"/g' | sed -e 's/$/\"/g' >> ${hfile}\necho \"\\\"\\\";\"  >> ${hfile}\necho \nexport hfile=${SRCROOT}/commons/xml/grammars/soapencodingxsd.h\necho \"std::string Parser::soapencodingxsd =\\\"\\\"\" > ${hfile}\ncat  ${SRCROOT}/grammars/soap-encoding.xsd | sed -e 's/\\\\/\\\\\\\\/g' | sed 's/\\\"/\\\\\\\"/g' | sed -e 's/^/\"/g' | sed -e 's/$/\"/g' >> ${hfile}\necho \"\\\"\\\";\"  >> ${hfile}\necho\nexport hfile=${SRCROOT}/commons/xml/grammars/xlinkxsd.h\necho \"std::string Parser::xlinkxsd=\\\"\\\"\" > ${hfile}\ncat ${SRCROOT}/grammars/xlink.xsd | sed -e 's/\\\\/\\\\\\\\/g' | sed 's/\\\"/\\\\\\\"/g' | sed -e 's/^/\"/g' | sed -e 's/$/\"/g' >> ${hfile}\necho \"\\\"\\\";\"  >> ${hfile}\necho\nexport hfile=${SRCROOT}/commons/xml/grammars/oalxsd.h\necho \"std::string Parser::oalxsd =\\\"\\\"\" > ${hfile}\ncat  ${SRCROOT}/grammars/oal.xsd | sed -e 's/\\\\/\\\\\\\\/g' | sed 's/\\\"/\\\\\\\"/g' | sed -e 's/^/\"/g' | sed -e 's/$/\"/g' >> ${hfile}\necho \"\\\"\\\";\"  >> ${hfile}\necho \nexport hfile=${SRCROOT}/commons/xml/grammars/wsdlxsd.h\necho \"std::string Parser::wsdlxsd=\\\"\\\"\" > ${hfile}\ncat ${SRCROOT}/grammars/wsdl.xsd | sed -e 's/\\\\/\\\\\\\\/g' | sed 's/\\\"/\\\\\\\"/g' | sed -e 's/^/\"/g' | sed -e 's/$/\"/g' >>  ${hfile}\necho \"\\\"\\\";\"  >>  ${hfile}\necho\nexport hfile=${SRCROOT}/commons/xml/grammars/wsdlmimexsd.h\necho \"std::string Parser::wsdlmimexsd=\\\"\\\"\" > ${hfile}\ncat ${SRCROOT}/grammars/wsdlmime.xsd | sed -e 's/\\\\/\\\\\\\\/g' | sed 's/\\\"/\\\\\\\"/g' | sed -e 's/^/\"/g' | sed -e 's/$/\"/g' >>  ${hfile}\necho \"\\\"\\\";\"  >>  ${hfile}\necho\nexport hfile=${SRCROOT}/commons/xml/grammars/svg.h\necho \"std::string Parser::svgxsd=\\\"\\\"\" > ${hfile}\ncat  ${SRCROOT}/grammars/svg.xsd | sed -e 's/\\\\/\\\\\\\\/g' | sed 's/\\\"/\\\\\\\"/g' | sed -e 's/^/\"/g' | sed -e 's/$/\"/g' >> ${hfile}\necho \"\\\"\\\";\"  >> ${hfile}\necho\nexport hfile=${SRCROOT}/commons/xml/grammars/xhtml5.h\necho \"std::string Parser::xhtml5xsd=\\\"\\\"\" > ${hfile}\ncat  ${SRCROOT}/grammars/xhtml5.xsd | sed -e 's/\\\\/\\\\\\\\/g' | sed 's/\\\"/\\\\\\\"/g' | sed -e 's/^/\"/g' | sed -e 's/$/\"/g' >> ${hfile}\necho \"\\\"\\\";\"  >> ${hfile}\necho\n";
		};
		B5563B1E0C43E5CC00CE74DF /* ShellScript */ = {
			isa = PBXShellScriptBuildPhase;
			buildActionMask = 2147483647;
			files = (
			);
			inputPaths = (
				"$(SRCROOT)/grammars/xml.xsd",
				"$(SRCROOT)/grammars/message.xsd",
				"${SRCROOT}/grammars/xhtml1-strict.dtd",
				"$(SRCROOT)/grammars/obyx.xsd",
				"$(SRCROOT)/grammars/soap-encoding.xsd",
				"$(SRCROOT)/grammars/soap.xsd",
				"$(SRCROOT)/grammars/xlink.xsd",
				"$(SRCROOT)/grammars/oal.xsd",
				"$(SRCROOT)/grammars/wsdl.xsd",
				"$(SRCROOT)/grammars/wsdlmime.xsd",
				"$(SRCROOT)/grammars/xhtml5.xsd",
				"$(SRCROOT)/grammars/svg.xsd",
			);
			outputPaths = (
				"${SRCROOT}/commons/xml/grammars/xhtml1dtd.h",
				"${SRCROOT}/commons/xml/grammars/obyxxsd.h",
				"${SRCROOT}/commons/xml/grammars/xmlxsd.h",
				"${SRCROOT}/commons/xml/grammars/messagexsd.h",
				"${SRCROOT}/commons/xml/grammars/oalxsd.h",
				"$(SRCROOT)/commons/xml/grammars/soapencodingxsd.h",
				"$(SRCROOT)/commons/xml/grammars/soapxsd.h",
				"$(SRCROOT)/commons/xml/grammars/xlinkxsd.h",
				"${SRCROOT}/commons/xml/grammars/wsdlxsd.h",
				"${SRCROOT}/commons/xml/grammars/wsdlmimexsd.h",
				"${SRCROOT}/commons/xml/grammars/xhtml5.h",
				"${SRCROOT}/commons/xml/grammars/svg.h",
			);
			runOnlyForDeploymentPostprocessing = 0;
			shellPath = /bin/bash;
			shellScript = "export hfile=${SRCROOT}/commons/xml/grammars/xmlxsd.h\necho \"std::string Parser::xmlxsd=\\\"\\\"\" > ${hfile}\ncat  ${SRCROOT}/grammars/xml.xsd | sed -e 's/\\\\/\\\\\\\\/g' | sed 's/\\\"/\\\\\\\"/g' | sed -e 's/^/\"/g' | sed -e 's/$/\"/g' >> ${hfile}\necho \"\\\"\\\";\"  >> ${hfile}\necho\nexport hfile=${SRCROOT}/commons/xml/grammars/messagexsd.h\necho \"std::string Parser::messagexsd=\\\"\\\"\" > ${hfile}\ncat  ${SRCROOT}/grammars/message.xsd | sed -e 's/\\\\/\\\\\\\\/g' | sed 's/\\\"/\\\\\\\"/g' | sed -e 's/^/\"/g' | sed -e 's/$/\"/g' >> ${hfile}\necho \"\\\"\\\";\"  >> ${hfile}\necho \nexport hfile=${SRCROOT}/commons/xml/grammars/xhtml1dtd.h\necho \"std::string Parser::xhtml1dtd =\\\"\\\"\" > ${hfile}\ncat ${SRCROOT}/grammars/xhtml1-strict.dtd | sed -e 's/\\\\/\\\\\\\\/g' | sed 's/\\\"/\\\\\\\"/g' | sed -e 's/^/\"/g' | sed -e 's/$/\"/g' >> ${hfile}\necho \"\\\"\\\";\"  >> ${hfile}\necho\nexport hfile=${SRCROOT}/commons/xml/grammars/obyxxsd.h\necho \"std::string Parser::obyxxsd=\\\"\\\"\" > ${hfile}\ncat  ${SRCROOT}/grammars/obyx.xsd | sed -e 's/\\\\/\\\\\\\\/g' | sed 's/\\\"/\\\\\\\"/g' | sed -e 's/^/\"/g' | sed -e 's/$/\"/g' >> ${hfile}\necho \"\\\"\\\";\"  >> ${hfile}\necho\nexport hfile=${SRCROOT}/commons/xml/grammars/soapxsd.h\necho \"std::string Parser::soapxsd =\\\"\\\"\" > ${hfile}\ncat  ${SRCROOT}/grammars/soap.xsd | sed -e 's/\\\\/\\\\\\\\/g' | sed 's/\\\"/\\\\\\\"/g' | sed -e 's/^/\"/g' | sed -e 's/$/\"/g' >> ${hfile}\necho \"\\\"\\\";\"  >> ${hfile}\necho \nexport hfile=${SRCROOT}/commons/xml/grammars/soapencodingxsd.h\necho \"std::string Parser::soapencodingxsd =\\\"\\\"\" > ${hfile}\ncat  ${SRCROOT}/grammars/soap-encoding.xsd | sed -e 's/\\\\/\\\\\\\\/g' | sed 's/\\\"/\\\\\\\"/g' | sed -e 's/^/\"/g' | sed -e 's/$/\"/g' >> ${hfile}\necho \"\\\"\\\";\"  >> ${hfile}\necho\nexport hfile=${SRCROOT}/commons/xml/grammars/xlinkxsd.h\necho \"std::string Parser::xlinkxsd=\\\"\\\"\" > ${hfile}\ncat ${SRCROOT}/grammars/xlink.xsd | sed -e 's/\\\\/\\\\\\\\/g' | sed 's/\\\"/\\\\\\\"/g' | sed -e 's/^/\"/g' | sed -e 's/$/\"/g' >> ${hfile}\necho \"\\\"\\\";\"  >> ${hfile}\necho\nexport hfile=${SRCROOT}/commons/xml/grammars/oalxsd.h\necho \"std::string Parser::oalxsd =\\\"\\\"\" > ${hfile}\ncat  ${SRCROOT}/grammars/oal.xsd | sed -e 's/\\\\/\\\\\\\\/g' | sed 's/\\\"/\\\\\\\"/g' | sed -e 's/^/\"/g' | sed -e 's/$/\"/g' >> ${hfile}\necho \"\\\"\\\";\"  >> ${hfile}\necho \nexport hfile=${SRCROOT}/commons/xml/grammars/wsdlxsd.h\necho \"std::string Parser::wsdlxsd=\\\"\\\"\" > ${hfile}\ncat ${SRCROOT}/grammars/wsdl.xsd | sed -e 's/\\\\/\\\\\\\\/g' | sed 's/\\\"/\\\\\\\"/g' | sed -e 's/^/\"/g' | sed -e 's/$/\"/g' >>  ${hfile}\necho \"\\\"\\\";\"  >>  ${hfile}\necho\nexport hfile=${SRCROOT}/commons/xml/grammars/wsdlmimexsd.h\necho \"std::string Parser::wsdlmimexsd=\\\"\\\"\" > ${hfile}\ncat ${SRCROOT}/grammars/wsdlmime.xsd | sed -e 's/\\\\/\\\\\\\\/g' | sed 's/\\\"/\\\\\\\"/g' | sed -e 's/^/\"/g' | sed -e 's/$/\"/g' >>  ${hfile}\necho \"\\\"\\\";\"  >>  ${hfile}\necho\nexport hfile=${SRCROOT}/commons/xml/grammars/svg.h\necho \"std::string Parser::svgxsd=\\\"\\\"\" > ${hfile}\ncat  ${SRCROOT}/grammars/svg.xsd | sed -e 's/\\\\/\\\\\\\\/g' | sed 's/\\\"/\\\\\\\"/g' | sed -e 's/^/\"/g' | sed -e 's/$/\"/g' >> ${hfile}\necho \"\\\"\\\";\"  >> ${hfile}\necho\nexport hfile=${SRCROOT}/commons/xml/grammars/xhtml5.h\necho \"std::string Parser::xhtml5xsd=\\\"\\\"\" > ${hfile}\ncat  ${SRCROOT}/grammars/xhtml5.xsd | sed -e 's/\\\\/\\\\\\\\/g' | sed 's/\\\"/\\\\\\\"/g' | sed -e 's/^/\"/g' | sed -e 's/$/\"/g' >> ${hfile}\necho \"\\\"\\\";\"  >> ${hfile}\necho\n";
		};
/* End PBXShellScriptBuildPhase section */

/* Begin PBXSourcesBuildPhase section */
		B541F1E811941E1E0099F07C /* Sources */ = {
			isa = PBXSourcesBuildPhase;
			buildActionMask = 2147483647;
			files = (
				B541F1E911941E1E0099F07C /* main.cpp in Sources */,
				B541F1EA11941E1E0099F07C /* httphead.cpp in Sources */,
				B541F1EB11941E1E0099F07C /* environment.cpp in Sources */,
				B541F1EC11941E1E0099F07C /* clilogger.cpp in Sources */,
				B541F1ED11941E1E0099F07C /* httplogger.cpp in Sources */,
				B541F1EE11941E1E0099F07C /* logger.cpp in Sources */,
				B541F1EF11941E1E0099F07C /* date.cpp in Sources */,
				B541F1F011941E1E0099F07C /* device.cpp in Sources */,
				B541F1F111941E1E0099F07C /* file.cpp in Sources */,
				B541F1F211941E1E0099F07C /* path.cpp in Sources */,
				B541F1F311941E1E0099F07C /* utils.cpp in Sources */,
				B541F1F411941E1E0099F07C /* comparison.cpp in Sources */,
				B541F1F511941E1E0099F07C /* convert.cpp in Sources */,
				B541F1F611941E1E0099F07C /* fandr.cpp in Sources */,
				B541F1F711941E1E0099F07C /* translate.cpp in Sources */,
				B541F1F811941E1E0099F07C /* query.cpp in Sources */,
				B541F1F911941E1E0099F07C /* filer.cpp in Sources */,
				B541F1FA11941E1E0099F07C /* xmlerrhandler.cpp in Sources */,
				B541F1FB11941E1E0099F07C /* xmlparser.cpp in Sources */,
				B541F1FC11941E1E0099F07C /* iteration.cpp in Sources */,
				B541F1FD11941E1E0099F07C /* document.cpp in Sources */,
				B541F1FE11941E1E0099F07C /* function.cpp in Sources */,
				B541F1FF11941E1E0099F07C /* pairqueue.cpp in Sources */,
				B541F20011941E1E0099F07C /* IInfImageBase.cpp in Sources */,
				B541F20111941E1E0099F07C /* IInfImageTypes.cpp in Sources */,
				B541F20211941E1E0099F07C /* IInfInfo.cpp in Sources */,
				B541F20311941E1E0099F07C /* IInfNetworkGraphics.cpp in Sources */,
				B541F20411941E1E0099F07C /* IInfReader.cpp in Sources */,
				B541F20511941E1E0099F07C /* inputtype.cpp in Sources */,
				B541F20611941E1E0099F07C /* output.cpp in Sources */,
				B541F20711941E1E0099F07C /* instruction.cpp in Sources */,
				B541F20811941E1E0099F07C /* comparison.cpp in Sources */,
				B541F20911941E1E0099F07C /* httpfetch.cpp in Sources */,
				B541F20A11941E1E0099F07C /* httpfetcher.cpp in Sources */,
				B541F20B11941E1E0099F07C /* httpfetchheadparser.cpp in Sources */,
				B541F20C11941E1E0099F07C /* httpfetchleaf.cpp in Sources */,
				B541F20D11941E1E0099F07C /* mapping.cpp in Sources */,
				B541F20E11941E1E0099F07C /* osiapp.cpp in Sources */,
				B541F20F11941E1E0099F07C /* servicefactory.cpp in Sources */,
				B541F21011941E1E0099F07C /* regex.cpp in Sources */,
				B541F21111941E1E0099F07C /* connection.cpp in Sources */,
				B541F21211941E1E0099F07C /* iko.cpp in Sources */,
				B541F21311941E1E0099F07C /* obyxelement.cpp in Sources */,
				B541F21411941E1E0099F07C /* chars.cpp in Sources */,
				B541F21511941E1E0099F07C /* xmlrsrchandler.cpp in Sources */,
				B541F21611941E1E0099F07C /* manager.cpp in Sources */,
				B541F21711941E1E0099F07C /* dataitem.cpp in Sources */,
				B541F21811941E1E0099F07C /* strobject.cpp in Sources */,
				B541F21911941E1E0099F07C /* xmlobject.cpp in Sources */,
				B541F21A11941E1E0099F07C /* itemstore.cpp in Sources */,
				B541F21B11941E1E0099F07C /* mysqlconnection.cpp in Sources */,
				B541F21C11941E1E0099F07C /* mysqlquery.cpp in Sources */,
				B541F21D11941E1E0099F07C /* mysqlservice.cpp in Sources */,
				B541F21E11941E1E0099F07C /* postgresqlservice.cpp in Sources */,
				B541F21F11941E1E0099F07C /* postgresqlconnection.cpp in Sources */,
				B541F22011941E1E0099F07C /* postgresqlquery.cpp in Sources */,
				B541F22111941E1E0099F07C /* osimessage.cpp in Sources */,
				B541F22211941E1E0099F07C /* fragmentobject.cpp in Sources */,
				B541F23E11941ECB0099F07C /* fast.cpp in Sources */,
				B53B010311F524D600C1D7E3 /* crypto.cpp in Sources */,
				B56A57031265F924001C4299 /* infix.cpp in Sources */,
				B5F79CB31268876B008CBD64 /* bitwise.cpp in Sources */,
				B5350FA2134DBE3F00801466 /* ustritem.cpp in Sources */,
				B57DFC7E13559D8F00122195 /* rawitem.cpp in Sources */,
			);
			runOnlyForDeploymentPostprocessing = 0;
		};
		B5E31FFC09BC596000F7FC96 /* Sources */ = {
			isa = PBXSourcesBuildPhase;
			buildActionMask = 2147483647;
			files = (
				B5E3209A09BC599B00F7FC96 /* main.cpp in Sources */,
				B5E3209B09BC59B700F7FC96 /* httphead.cpp in Sources */,
				B5E3209C09BC59B800F7FC96 /* environment.cpp in Sources */,
				B5E320A009BC59BD00F7FC96 /* logger.cpp in Sources */,
				B5E320A109BC59C100F7FC96 /* date.cpp in Sources */,
				B5E320A209BC59C400F7FC96 /* device.cpp in Sources */,
				B5E320A409BC59C500F7FC96 /* file.cpp in Sources */,
				B5E320A509BC59C500F7FC96 /* path.cpp in Sources */,
				B5E320A609BC59C600F7FC96 /* utils.cpp in Sources */,
				B5E320A709BC59C900F7FC96 /* comparison.cpp in Sources */,
				B5E320A809BC59CA00F7FC96 /* convert.cpp in Sources */,
				B5E320A909BC59CA00F7FC96 /* fandr.cpp in Sources */,
				B5E320AA09BC59CB00F7FC96 /* translate.cpp in Sources */,
				B5E320B009BC59D000F7FC96 /* query.cpp in Sources */,
				B5E320F009BC68FF00F7FC96 /* filer.cpp in Sources */,
				B5E321D609BC6D0100F7FC96 /* xmlerrhandler.cpp in Sources */,
				B5E321D709BC6D0100F7FC96 /* xmlparser.cpp in Sources */,
				B5E3243E09BC96C900F7FC96 /* iteration.cpp in Sources */,
				B5CB066109BE09DB0014329C /* document.cpp in Sources */,
				B52D56D909BF72F800F639C5 /* function.cpp in Sources */,
				B5A68E9209CF266B00D69316 /* pairqueue.cpp in Sources */,
				B5F0C04A0A4C3B0A00CC363D /* IInfImageBase.cpp in Sources */,
				B5F0C04B0A4C3B0A00CC363D /* IInfImageTypes.cpp in Sources */,
				B5F0C04C0A4C3B0A00CC363D /* IInfInfo.cpp in Sources */,
				B5F0C04D0A4C3B0A00CC363D /* IInfNetworkGraphics.cpp in Sources */,
				B5F0C04E0A4C3B0A00CC363D /* IInfReader.cpp in Sources */,
				B56170040AD129C80032F167 /* inputtype.cpp in Sources */,
				B56170630AD12C9D0032F167 /* output.cpp in Sources */,
				B56171840AD134C00032F167 /* instruction.cpp in Sources */,
				B56171DF0AD13B430032F167 /* comparison.cpp in Sources */,
				B53AE9BE0C1DE1CA00B2371C /* httpfetch.cpp in Sources */,
				B53AE9BF0C1DE1CA00B2371C /* httpfetcher.cpp in Sources */,
				B53AE9C00C1DE1CA00B2371C /* httpfetchheadparser.cpp in Sources */,
				B53AE9C10C1DE1CA00B2371C /* httpfetchleaf.cpp in Sources */,
				B52556180C7DDB7700E3ADFC /* mapping.cpp in Sources */,
				B5D74F1C0CA0433E00D37970 /* osiapp.cpp in Sources */,
				B52DB5060CBB9A5E00D5B5D0 /* servicefactory.cpp in Sources */,
				B58852A60CC39E1B009D0279 /* regex.cpp in Sources */,
				B568C3030CC63C1600B1EBFF /* connection.cpp in Sources */,
				B5DA48C10CFC48BE0060FFB1 /* iko.cpp in Sources */,
				B5E18D350D7C3B2200888B5C /* obyxelement.cpp in Sources */,
				B54EE1500E3501860044DFA3 /* chars.cpp in Sources */,
				B5207EBB0F5ECA30004F5C1B /* xmlrsrchandler.cpp in Sources */,
				B555972F0F8A0504003C3BE0 /* manager.cpp in Sources */,
				B555978D0F8A0D3E003C3BE0 /* strobject.cpp in Sources */,
				B555978E0F8A0D3E003C3BE0 /* xmlobject.cpp in Sources */,
				B56234A10FEFC9A400CF092E /* itemstore.cpp in Sources */,
				B5493402105A697D00CE818F /* mysqlconnection.cpp in Sources */,
				B5493403105A697D00CE818F /* mysqlquery.cpp in Sources */,
				B5493404105A697D00CE818F /* mysqlservice.cpp in Sources */,
				B549341D105A6B7100CE818F /* postgresqlservice.cpp in Sources */,
				B5493422105A6B8500CE818F /* postgresqlconnection.cpp in Sources */,
				B5493427105A6B9500CE818F /* postgresqlquery.cpp in Sources */,
				B546CACD10DA3E6300BC151A /* osimessage.cpp in Sources */,
				B58DA8C21104B05E00C34661 /* fragmentobject.cpp in Sources */,
				B5741877119436A80046BE0B /* httplogger.cpp in Sources */,
				B5741878119436AA0046BE0B /* clilogger.cpp in Sources */,
				B50E23B311D4C6AD00D62C41 /* dataitem.cpp in Sources */,
				B53B010411F524D600C1D7E3 /* crypto.cpp in Sources */,
				B56A57021265F924001C4299 /* infix.cpp in Sources */,
				B5F79CB41268876B008CBD64 /* bitwise.cpp in Sources */,
				B5350FA1134DBE3F00801466 /* ustritem.cpp in Sources */,
				B57DFC7D13559D8F00122195 /* rawitem.cpp in Sources */,
			);
			runOnlyForDeploymentPostprocessing = 0;
		};
/* End PBXSourcesBuildPhase section */

/* Begin XCBuildConfiguration section */
		B541F22811941E1E0099F07C /* General */ = {
			isa = XCBuildConfiguration;
			buildSettings = {
				GCC_VERSION = "";
				OTHER_CFLAGS = (
					"-DFAST",
					"-DALLOW_MYSQL",
					"-fshort-wchar",
					"-DPROFILING",
				);
				PRODUCT_NAME = obyx.fcgi;
				SKIP_INSTALL = NO;
			};
			name = General;
		};
		B59B3B1F08E2B9FB0065257B /* General */ = {
			isa = XCBuildConfiguration;
			buildSettings = {
				ARCHS = "$(NATIVE_ARCH_ACTUAL)";
				COPY_PHASE_STRIP = NO;
				DEBUG_INFORMATION_FORMAT = "dwarf-with-dsym";
				DEPLOYMENT_LOCATION = YES;
				DEPLOYMENT_POSTPROCESSING = YES;
				DSTROOT = /;
				GCC_AUTO_VECTORIZATION = YES;
				GCC_CW_ASM_SYNTAX = NO;
				GCC_DEBUGGING_SYMBOLS = full;
				GCC_ENABLE_OBJC_EXCEPTIONS = NO;
				GCC_ENABLE_PASCAL_STRINGS = NO;
				GCC_ENABLE_SSE3_EXTENSIONS = YES;
				GCC_ENABLE_SSE41_EXTENSIONS = YES;
				GCC_ENABLE_SSE42_EXTENSIONS = YES;
				GCC_ENABLE_SUPPLEMENTAL_SSE3_INSTRUCTIONS = YES;
				GCC_FAST_OBJC_DISPATCH = NO;
				GCC_INSTRUMENT_PROGRAM_FLOW_ARCS = NO;
				GCC_MODEL_PPC64 = YES;
				GCC_MODEL_TUNING = "";
				GCC_NO_COMMON_BLOCKS = YES;
				GCC_OPTIMIZATION_LEVEL = 0;
				GCC_TREAT_IMPLICIT_FUNCTION_DECLARATIONS_AS_ERRORS = YES;
				GCC_TREAT_NONCONFORMANT_CODE_ERRORS_AS_WARNINGS = NO;
				GCC_VERSION = "";
				GCC_WARN_64_TO_32_BIT_CONVERSION = YES;
				GCC_WARN_ABOUT_MISSING_FIELD_INITIALIZERS = YES;
				GCC_WARN_ABOUT_MISSING_NEWLINE = YES;
				GCC_WARN_ABOUT_MISSING_PROTOTYPES = YES;
				GCC_WARN_ABOUT_RETURN_TYPE = YES;
				GCC_WARN_ALLOW_INCOMPLETE_PROTOCOL = YES;
				GCC_WARN_CHECK_SWITCH_STATEMENTS = YES;
				GCC_WARN_EFFECTIVE_CPLUSPLUS_VIOLATIONS = NO;
				GCC_WARN_FOUR_CHARACTER_CONSTANTS = NO;
				GCC_WARN_HIDDEN_VIRTUAL_FUNCTIONS = YES;
				GCC_WARN_INITIALIZER_NOT_FULLY_BRACKETED = YES;
				GCC_WARN_MISSING_PARENTHESES = YES;
				GCC_WARN_NON_VIRTUAL_DESTRUCTOR = YES;
				GCC_WARN_PEDANTIC = NO;
				GCC_WARN_PROTOTYPE_CONVERSION = YES;
				GCC_WARN_SHADOW = NO;
				GCC_WARN_SIGN_COMPARE = YES;
				GCC_WARN_UNINITIALIZED_AUTOS = NO;
				GCC_WARN_UNKNOWN_PRAGMAS = YES;
				GCC_WARN_UNUSED_FUNCTION = YES;
				GCC_WARN_UNUSED_LABEL = YES;
				GCC_WARN_UNUSED_PARAMETER = YES;
				GCC_WARN_UNUSED_VALUE = YES;
				GCC_WARN_UNUSED_VARIABLE = YES;
				HEADER_SEARCH_PATHS = (
					"$(SRCROOT)",
					/usr/local/mysql/include,
					/Library/PostgreSQL/8.4/include,
					/usr/local/include,
					/usr/include,
				);
				INSTALL_PATH = "/Library/WebServer/CGI-Executables/";
				LIBRARY_SEARCH_PATHS = (
					/usr/local/mysql/lib,
					/Library/PostgreSQL/8.4/lib,
					/usr/local/lib,
				);
				LINK_WITH_STANDARD_LIBRARIES = YES;
				MACOSX_DEPLOYMENT_TARGET = "";
				ONLY_ACTIVE_ARCH = YES;
				OTHER_CFLAGS = "";
				PRECOMPS_INCLUDE_HEADERS_FROM_BUILT_PRODUCTS_DIR = YES;
				SCAN_ALL_SOURCE_FILES_FOR_INCLUDES = YES;
				SDKROOT = "";
				SKIP_INSTALL = NO;
				STANDARD_C_PLUS_PLUS_LIBRARY_TYPE = dynamic;
				STRIP_INSTALLED_PRODUCT = NO;
				UNSTRIPPED_PRODUCT = YES;
			};
			name = General;
		};
		B5E3209809BC598C00F7FC96 /* General */ = {
			isa = XCBuildConfiguration;
			buildSettings = {
				GCC_VERSION = "";
				OTHER_CFLAGS = (
					"-DALLOW_MYSQL",
					"-D_X_ALLOW_POSTGRESQL",
					"-fshort-wchar",
				);
				PRODUCT_NAME = obyx.cgi;
				SKIP_INSTALL = NO;
			};
			name = General;
		};
/* End XCBuildConfiguration section */

/* Begin XCConfigurationList section */
		B541F22711941E1E0099F07C /* Build configuration list for PBXNativeTarget "obyx.fcgi" */ = {
			isa = XCConfigurationList;
			buildConfigurations = (
				B541F22811941E1E0099F07C /* General */,
			);
			defaultConfigurationIsVisible = 0;
			defaultConfigurationName = General;
		};
		B59B3B1E08E2B9FB0065257B /* Build configuration list for PBXProject "obyx" */ = {
			isa = XCConfigurationList;
			buildConfigurations = (
				B59B3B1F08E2B9FB0065257B /* General */,
			);
			defaultConfigurationIsVisible = 0;
			defaultConfigurationName = General;
		};
		B5E3209709BC598C00F7FC96 /* Build configuration list for PBXNativeTarget "obyx.cgi" */ = {
			isa = XCConfigurationList;
			buildConfigurations = (
				B5E3209809BC598C00F7FC96 /* General */,
			);
			defaultConfigurationIsVisible = 0;
			defaultConfigurationName = General;
		};
/* End XCConfigurationList section */
	};
	rootObject = 08FB7793FE84155DC02AAC07 /* Project object */;
}
