<?xml version="1.0" encoding="UTF-8"?>
<Scheme
   version = "1.8">
   <BuildAction
      parallelizeBuildables = "YES"
      buildImplicitDependencies = "YES">
   </BuildAction>
   <TestAction
      selectedDebuggerIdentifier = "Xcode.DebuggerFoundation.Debugger.GDB"
      selectedLauncherIdentifier = "Xcode.DebuggerFoundation.Launcher.GDB"
      shouldUseLaunchSchemeArgsEnv = "YES"
      buildConfiguration = "Debug">
      <Testables>
      </Testables>
   </TestAction>
   <LaunchAction
      selectedDebuggerIdentifier = "Xcode.DebuggerFoundation.Debugger.GDB"
      selectedLauncherIdentifier = "Xcode.DebuggerFoundation.Launcher.GDB"
      displayScaleIsEnabled = "NO"
      displayScale = "1.00"
      launchStyle = "0"
      useCustomWorkingDirectory = "NO"
      buildConfiguration = "Debug"
      enablesOpenGLESFrameCapture = "YES"
      ignoresPersistentStateOnLaunch = "YES">
      <BuildableProductRunnable>
         <BuildableReference
            BuildableIdentifier = "primary"
            BlueprintIdentifier = "B541F1E611941E1E0099F07C"
            BuildableName = "obyx.fcgi"
            BlueprintName = "obyx.fcgi"
            ReferencedContainer = "container:obyx.xcodeproj">
         </BuildableReference>
      </BuildableProductRunnable>
      <EnvironmentVariables>
         <EnvironmentVariable
            key = "OBYX_CONFIG_FILE"
            value = "/Library/WebServer/include/obyx.fcf"
            isEnabled = "YES">
         </EnvironmentVariable>
         <EnvironmentVariable
            key = "HTTP_COOKIE"
            value = "BREAK_COUNT=400;session=81.6.250.44.1311078788528371"
            isEnabled = "NO">
         </EnvironmentVariable>
         <EnvironmentVariable
            key = "PATH_TRANSLATED"
            value = "/Library/WebServer/Documents/pubroot/svg.obyx"
            isEnabled = "YES">
         </EnvironmentVariable>
         <EnvironmentVariable
            key = "QUERY_STRING"
            value = "pik=foo&amp;bar=bim&amp;pik=bza&amp;pik=33&amp;pik=pin"
            isEnabled = "NO">
         </EnvironmentVariable>
         <EnvironmentVariable
            key = "OBYX_DEVELOPMENT"
            value = "true"
            isEnabled = "NO">
         </EnvironmentVariable>
         <EnvironmentVariable
            key = "OBYX_SYSLOG_OFF"
            value = "true"
            isEnabled = "NO">
         </EnvironmentVariable>
         <EnvironmentVariable
            key = "OBYX_AUTO_UTF8_CHECK"
            value = "false"
            isEnabled = "NO">
         </EnvironmentVariable>
         <EnvironmentVariable
            key = "OBYX_VALIDATE_ALWAYS"
            value = "true"
            isEnabled = "NO">
         </EnvironmentVariable>
         <EnvironmentVariable
            key = "OBYX_DEFAULT_VERSION"
            value = "1.110901"
            isEnabled = "NO">
         </EnvironmentVariable>
         <EnvironmentVariable
            key = "OBYX_DEBUG"
            value = "false"
            isEnabled = "NO">
         </EnvironmentVariable>
         <EnvironmentVariable
            key = "OBYX_SQLPER_REQUEST"
            value = "false"
            isEnabled = "NO">
         </EnvironmentVariable>
         <EnvironmentVariable
            key = "OBYX_ROOT_DIR"
            value = "/Library/WebServer/Documents/pubroot"
            isEnabled = "NO">
         </EnvironmentVariable>
         <EnvironmentVariable
            key = "OBYX_DEFAULT_ROOT_DIR"
            value = "/Library/WebServer/Documents/pubroot"
            isEnabled = "NO">
         </EnvironmentVariable>
         <EnvironmentVariable
            key = "OBYX_SCRIPTS_DIR"
            value = "/Library/WebServer/Documents/scripts"
            isEnabled = "NO">
         </EnvironmentVariable>
         <EnvironmentVariable
            key = "OBYX_SCRATCH_DIR"
            value = "/Library/WebServer/Documents/tmp"
            isEnabled = "NO">
         </EnvironmentVariable>
         <EnvironmentVariable
            key = "OBYX_SQLDATABASE"
            value = "esstl"
            isEnabled = "NO">
         </EnvironmentVariable>
         <EnvironmentVariable
            key = "OBYX_SQLUSER"
            value = "benp"
            isEnabled = "NO">
         </EnvironmentVariable>
         <EnvironmentVariable
            key = "OBYX_SQLHOST"
            value = "127.0.0.1"
            isEnabled = "NO">
         </EnvironmentVariable>
         <EnvironmentVariable
            key = "OBYX_MTA"
            value = "/usr/sbin/sendmail"
            isEnabled = "NO">
         </EnvironmentVariable>
         <EnvironmentVariable
            key = "OBYX_SQLSERVICE"
            value = "mysql"
            isEnabled = "NO">
         </EnvironmentVariable>
         <EnvironmentVariable
            key = "OBYX_LIBCURLSO"
            value = "libcurl.dylib"
            isEnabled = "NO">
         </EnvironmentVariable>
         <EnvironmentVariable
            key = "OBYX_LIBXQILLASO"
            value = "libxqilla.dylib"
            isEnabled = "NO">
         </EnvironmentVariable>
         <EnvironmentVariable
            key = "OBYX_LIBPCRESO"
            value = "/usr/local/lib/libpcre.dylib"
            isEnabled = "NO">
         </EnvironmentVariable>
         <EnvironmentVariable
            key = "OBYX_LIBGMPSO"
            value = "/usr/local/lib/libgmp.dylib"
            isEnabled = "NO">
         </EnvironmentVariable>
         <EnvironmentVariable
            key = "OBYX_LIBMYSQLCRSO"
            value = "/usr/local/mysql/lib/libmysqlclient_r.dylib"
            isEnabled = "NO">
         </EnvironmentVariable>
         <EnvironmentVariable
            key = "OBYX_LIBZIPSO"
            value = "libz.dylib"
            isEnabled = "NO">
         </EnvironmentVariable>
         <EnvironmentVariable
            key = "OBYX_LIBSSLSO"
            value = "libssl.dylib"
            isEnabled = "NO">
         </EnvironmentVariable>
      </EnvironmentVariables>
      <AdditionalOptions>
      </AdditionalOptions>
   </LaunchAction>
   <ProfileAction
      displayScaleIsEnabled = "NO"
      displayScale = "1.00"
      shouldUseLaunchSchemeArgsEnv = "YES"
      savedToolIdentifier = ""
      useCustomWorkingDirectory = "NO"
      buildConfiguration = "Release">
      <BuildableProductRunnable>
         <BuildableReference
            BuildableIdentifier = "primary"
            BlueprintIdentifier = "B541F1E611941E1E0099F07C"
            BuildableName = "obyx.fcgi"
            BlueprintName = "obyx.fcgi"
            ReferencedContainer = "container:obyx.xcodeproj">
         </BuildableReference>
      </BuildableProductRunnable>
   </ProfileAction>
   <AnalyzeAction
      buildConfiguration = "General">
   </AnalyzeAction>
   <ArchiveAction
      buildConfiguration = "Release"
      revealArchiveInOrganizer = "YES">
   </ArchiveAction>
</Scheme>
