<?xml version="1.0" encoding="UTF-8"?>
<Scheme
   version = "1.8">
   <BuildAction
      parallelizeBuildables = "YES"
      buildImplicitDependencies = "YES">
   </BuildAction>
   <TestAction
      selectedDebuggerIdentifier = "Xcode.DebuggerFoundation.Debugger.GDB"
      selectedLauncherIdentifier = "Xcode.DebuggerFoundation.Launcher.GDB"
      shouldUseLaunchSchemeArgsEnv = "YES"
      buildConfiguration = "Debug">
      <Testables>
      </Testables>
      <EnvironmentVariables>
         <EnvironmentVariable
            key = "OBYX_CONFIG_FILE"
            value = "/Library/WebServer/include/obyx.cf"
            isEnabled = "YES">
         </EnvironmentVariable>
         <EnvironmentVariable
            key = "PATH_TRANSLATED"
            value = "/Library/WebServer/Documents/pubroot/sort.obyx"
            isEnabled = "YES">
         </EnvironmentVariable>
         <EnvironmentVariable
            key = "PATH_TRANSLATED"
            value = "/Library/WebServer/Documents/obyxdebug/odb/test.obyx"
            isEnabled = "NO">
         </EnvironmentVariable>
         <EnvironmentVariable
            key = "QUERY_STRING"
            value = "f=2&amp;f=3"
            isEnabled = "NO">
         </EnvironmentVariable>
      </EnvironmentVariables>
   </TestAction>
   <LaunchAction
      selectedDebuggerIdentifier = "Xcode.DebuggerFoundation.Debugger.LLDB"
      selectedLauncherIdentifier = "Xcode.DebuggerFoundation.Launcher.LLDB"
      displayScaleIsEnabled = "NO"
      displayScale = "1.00"
      launchStyle = "0"
      useCustomWorkingDirectory = "YES"
      customWorkingDirectory = "/Library/WebServer/CGI-Executables"
      buildConfiguration = "Debug"
      enablesOpenGLESFrameCapture = "YES">
      <BuildableProductRunnable>
         <BuildableReference
            BuildableIdentifier = "primary"
            BlueprintIdentifier = "B5E31FFE09BC596000F7FC96"
            BuildableName = "obyx.cgi"
            BlueprintName = "obyx.cgi"
            ReferencedContainer = "container:obyx.xcodeproj">
         </BuildableReference>
      </BuildableProductRunnable>
      <CommandLineArguments>
         <CommandLineArgument
            argument = "/Users/ben/Desktop/Coding/Obyx/w.obyx -c /Users/ben/Desktop/Coding/obyx.cf"
            isEnabled = "NO">
         </CommandLineArgument>
      </CommandLineArguments>
      <EnvironmentVariables>
         <EnvironmentVariable
            key = "OBYX_CONFIG_FILE"
            value = "/Library/WebServer/include/obyx.cf"
            isEnabled = "YES">
         </EnvironmentVariable>
         <EnvironmentVariable
            key = "PATH_TRANSLATED"
            value = "/Library/WebServer/Documents/pubroot/Knots/grid.obyx"
            isEnabled = "YES">
         </EnvironmentVariable>
         <EnvironmentVariable
            key = "HTTP_COOKIE"
            value = "session=192.168.1.70.1319213566571979"
            isEnabled = "NO">
         </EnvironmentVariable>
         <EnvironmentVariable
            key = "QUERY_STRING"
            value = "dd&amp;66"
            isEnabled = "NO">
         </EnvironmentVariable>
         <EnvironmentVariable
            key = "PATH_TRANSLATED"
            value = "/Library/WebServer/Documents/pubroot/sams.obyx"
            isEnabled = "NO">
         </EnvironmentVariable>
         <EnvironmentVariable
            key = "EVENTCODE"
            value = "olympics"
            isEnabled = "NO">
         </EnvironmentVariable>
         <EnvironmentVariable
            key = "HTTP_USER_AGENT"
            value = "Safari"
            isEnabled = "NO">
         </EnvironmentVariable>
         <EnvironmentVariable
            key = "SCRIPT_URI"
            value = "http://bgriffin.net/search"
            isEnabled = "NO">
         </EnvironmentVariable>
         <EnvironmentVariable
            key = "PATH_TRANSLATED"
            value = "/Library/WebServer/Documents/pubroot/regex.obyx"
            isEnabled = "NO">
         </EnvironmentVariable>
      </EnvironmentVariables>
      <AdditionalOptions>
      </AdditionalOptions>
   </LaunchAction>
   <ProfileAction
      displayScaleIsEnabled = "NO"
      displayScale = "1.00"
      shouldUseLaunchSchemeArgsEnv = "YES"
      savedToolIdentifier = "/Developer/Applications/Instruments.app/Contents/Resources/templates/Time Profiler.tracetemplate"
      useCustomWorkingDirectory = "YES"
      customWorkingDirectory = "/Library/WebServer/CGI-Executables"
      buildConfiguration = "Release">
      <BuildableProductRunnable>
         <BuildableReference
            BuildableIdentifier = "primary"
            BlueprintIdentifier = "B5E31FFE09BC596000F7FC96"
            BuildableName = "obyx.cgi"
            BlueprintName = "obyx.cgi"
            ReferencedContainer = "container:obyx.xcodeproj">
         </BuildableReference>
      </BuildableProductRunnable>
      <EnvironmentVariables>
         <EnvironmentVariable
            key = "OBYX_CONFIG_FILE"
            value = "/Library/WebServer/include/obyx.cf"
            isEnabled = "YES">
         </EnvironmentVariable>
         <EnvironmentVariable
            key = "PATH_TRANSLATED"
            value = "/Library/WebServer/Documents/pubroot/sort.obyx"
            isEnabled = "YES">
         </EnvironmentVariable>
         <EnvironmentVariable
            key = "PATH_TRANSLATED"
            value = "/Library/WebServer/Documents/obyxdebug/odb/test.obyx"
            isEnabled = "NO">
         </EnvironmentVariable>
         <EnvironmentVariable
            key = "QUERY_STRING"
            value = "f=2&amp;f=3"
            isEnabled = "NO">
         </EnvironmentVariable>
      </EnvironmentVariables>
   </ProfileAction>
   <AnalyzeAction
      buildConfiguration = "Debug">
   </AnalyzeAction>
   <ArchiveAction
      buildConfiguration = "Release"
      revealArchiveInOrganizer = "YES">
   </ArchiveAction>
</Scheme>
