<?xml version="1.0" encoding="UTF-8"?>
<Scheme
   LastUpgradeVersion = "0500"
   version = "1.8">
   <BuildAction
      parallelizeBuildables = "YES"
      buildImplicitDependencies = "YES">
   </BuildAction>
   <TestAction
      selectedDebuggerIdentifier = "Xcode.DebuggerFoundation.Debugger.LLDB"
      selectedLauncherIdentifier = "Xcode.DebuggerFoundation.Launcher.LLDB"
      shouldUseLaunchSchemeArgsEnv = "YES"
      buildConfiguration = "Debug">
      <Testables>
      </Testables>
      <MacroExpansion>
         <BuildableReference
            BuildableIdentifier = "primary"
            BlueprintIdentifier = "B5E31FFE09BC596000F7FC96"
            BuildableName = "obyx.cgi"
            BlueprintName = "obyx.cgi"
            ReferencedContainer = "container:obyx.xcodeproj">
         </BuildableReference>
      </MacroExpansion>
      <EnvironmentVariables>
         <EnvironmentVariable
            key = "OBYX_CONFIG_FILE"
            value = "/Library/WebServer/include/obyx.cf"
            isEnabled = "YES">
         </EnvironmentVariable>
         <EnvironmentVariable
            key = "PATH_TRANSLATED"
            value = "/Library/WebServer/Documents/pubroot/sort.obyx"
            isEnabled = "YES">
         </EnvironmentVariable>
         <EnvironmentVariable
            key = "PATH_TRANSLATED"
            value = "/Library/WebServer/Documents/obyxdebug/odb/test.obyx"
            isEnabled = "NO">
         </EnvironmentVariable>
         <EnvironmentVariable
            key = "QUERY_STRING"
            value = "f=2&amp;f=3"
            isEnabled = "NO">
         </EnvironmentVariable>
      </EnvironmentVariables>
   </TestAction>
   <LaunchAction
      selectedDebuggerIdentifier = "Xcode.DebuggerFoundation.Debugger.LLDB"
      selectedLauncherIdentifier = "Xcode.DebuggerFoundation.Launcher.LLDB"
      displayScaleIsEnabled = "NO"
      displayScale = "1.00"
      launchStyle = "0"
      useCustomWorkingDirectory = "YES"
      customWorkingDirectory = "/Library/WebServer/CGI-Executables"
      buildConfiguration = "Debug"
      ignoresPersistentStateOnLaunch = "NO"
      debugDocumentVersioning = "YES"
      allowLocationSimulation = "YES">
      <BuildableProductRunnable>
         <BuildableReference
            BuildableIdentifier = "primary"
            BlueprintIdentifier = "B5E31FFE09BC596000F7FC96"
            BuildableName = "obyx.cgi"
            BlueprintName = "obyx.cgi"
            ReferencedContainer = "container:obyx.xcodeproj">
         </BuildableReference>
      </BuildableProductRunnable>
      <CommandLineArguments>
         <CommandLineArgument
            argument = "-c &quot;/Users/ben/Library/Application Support/BBEdit/Unix Support/Unix Filters/obyx.cf&quot; /Library/WebServer/Documents/pubroot/process_wsdl.obyx"
            isEnabled = "NO">
         </CommandLineArgument>
      </CommandLineArguments>
      <EnvironmentVariables>
         <EnvironmentVariable
            key = "OBYX_CONFIG_FILE"
            value = "/Library/WebServer/include/obyx.cf"
            isEnabled = "YES">
         </EnvironmentVariable>
         <EnvironmentVariable
            key = "PATH_TRANSLATED"
            value = "/Library/WebServer/Documents/pubroot/epub/epub.obyx"
            isEnabled = "YES">
         </EnvironmentVariable>
         <EnvironmentVariable
            key = "PATH_TRANSLATED"
            value = "/Library/WebServer/Documents/pubroot/ds_r/Address_new.obyx"
            isEnabled = "NO">
         </EnvironmentVariable>
         <EnvironmentVariable
            key = "TEST_FILE"
            value = "/Library/WebServer/Documents/pubroot/sorc.post"
            isEnabled = "NO">
         </EnvironmentVariable>
         <EnvironmentVariable
            key = "CONTENT_TYPE"
            value = "multipart/form-data; boundary=----WebKitFormBoundarymCkhh9afDvypi7rc"
            isEnabled = "NO">
         </EnvironmentVariable>
         <EnvironmentVariable
            key = "HTTP_COOKIE"
            value = "session=192.168.1.70.1319213566571979; xsession=192.168.1.70.1319213566571979"
            isEnabled = "NO">
         </EnvironmentVariable>
         <EnvironmentVariable
            key = "QUERY_STRING"
            value = "a=b&amp;a=c&amp;x=de&amp;frid=fly"
            isEnabled = "NO">
         </EnvironmentVariable>
         <EnvironmentVariable
            key = "HTTP_USER_AGENT"
            value = "Safari"
            isEnabled = "NO">
         </EnvironmentVariable>
         <EnvironmentVariable
            key = "SCRIPT_URI"
            value = "http://bgriffin.net/search"
            isEnabled = "NO">
         </EnvironmentVariable>
      </EnvironmentVariables>
      <AdditionalOptions>
      </AdditionalOptions>
   </LaunchAction>
   <ProfileAction
      displayScaleIsEnabled = "NO"
      displayScale = "1.00"
      shouldUseLaunchSchemeArgsEnv = "NO"
      savedToolIdentifier = "/Applications/Xcode.app/Contents/Applications/Instruments.app/Contents/Resources/templates/Time Profiler.tracetemplate"
      useCustomWorkingDirectory = "YES"
      customWorkingDirectory = "/Library/WebServer/CGI-Executables"
      buildConfiguration = "General"
      debugDocumentVersioning = "YES">
      <BuildableProductRunnable>
         <BuildableReference
            BuildableIdentifier = "primary"
            BlueprintIdentifier = "B5E31FFE09BC596000F7FC96"
            BuildableName = "obyx.cgi"
            BlueprintName = "obyx.cgi"
            ReferencedContainer = "container:obyx.xcodeproj">
         </BuildableReference>
      </BuildableProductRunnable>
      <CommandLineArguments>
         <CommandLineArgument
            argument = "/Library/WebServer/Documents/pubroot/sitelist.obyx -c /Library/WebServer/include/obyx.cf"
            isEnabled = "YES">
         </CommandLineArgument>
      </CommandLineArguments>
      <EnvironmentVariables>
         <EnvironmentVariable
            key = "OBYX_CONFIG_FILE"
            value = "/Library/WebServer/include/obyx.cf"
            isEnabled = "NO">
         </EnvironmentVariable>
         <EnvironmentVariable
            key = "PATH_TRANSLATED"
            value = "/Library/WebServer/Documents/pubroot/sitelist.obyx"
            isEnabled = "NO">
         </EnvironmentVariable>
      </EnvironmentVariables>
   </ProfileAction>
   <AnalyzeAction
      buildConfiguration = "Debug">
   </AnalyzeAction>
   <ArchiveAction
      buildConfiguration = "Release"
      revealArchiveInOrganizer = "YES">
   </ArchiveAction>
</Scheme>
